// !$*UTF8*$!
{
	archiveVersion = 1;
	classes = {
	};
	objectVersion = 50;
	objects = {

/* Begin PBXBuildFile section */
		3E50924026DD1E3400CA2FAA /* PageViewController.swift in Sources */ = {isa = PBXBuildFile; fileRef = 3E50923F26DD1E3400CA2FAA /* PageViewController.swift */; };
		3E50924226DD219000CA2FAA /* FeatureCard.swift in Sources */ = {isa = PBXBuildFile; fileRef = 3E50924126DD219000CA2FAA /* FeatureCard.swift */; };
		3E50924426DD221A00CA2FAA /* TextOverlay.swift in Sources */ = {isa = PBXBuildFile; fileRef = 3E50924326DD221A00CA2FAA /* TextOverlay.swift */; };
		3E50924626DD237B00CA2FAA /* PageView.swift in Sources */ = {isa = PBXBuildFile; fileRef = 3E50924526DD237B00CA2FAA /* PageView.swift */; };
		3E50924E26DE1FAF00CA2FAA /* mac_locationsApp.swift in Sources */ = {isa = PBXBuildFile; fileRef = 3E50924D26DE1FAF00CA2FAA /* mac_locationsApp.swift */; };
		3E50925026DE1FAF00CA2FAA /* ContentView.swift in Sources */ = {isa = PBXBuildFile; fileRef = 3E50924F26DE1FAF00CA2FAA /* ContentView.swift */; };
		3E50925226DE1FB200CA2FAA /* Assets.xcassets in Resources */ = {isa = PBXBuildFile; fileRef = 3E50925126DE1FB200CA2FAA /* Assets.xcassets */; };
		3E50925526DE1FB200CA2FAA /* Preview Assets.xcassets in Resources */ = {isa = PBXBuildFile; fileRef = 3E50925426DE1FB200CA2FAA /* Preview Assets.xcassets */; };
		771E501026DB3F91000AB3FE /* Helpers.swift in Sources */ = {isa = PBXBuildFile; fileRef = 771E500F26DB3F91000AB3FE /* Helpers.swift */; };
		771E501226DB43E7000AB3FE /* FavoriteButton.swift in Sources */ = {isa = PBXBuildFile; fileRef = 771E501126DB43E7000AB3FE /* FavoriteButton.swift */; };
		771E501526DB4BD1000AB3FE /* HexagonParameters.swift in Sources */ = {isa = PBXBuildFile; fileRef = 771E501426DB4BD1000AB3FE /* HexagonParameters.swift */; };
		771E501726DB882F000AB3FE /* BadgeBackground.swift in Sources */ = {isa = PBXBuildFile; fileRef = 771E501626DB882F000AB3FE /* BadgeBackground.swift */; };
		771E501A26DB927C000AB3FE /* BadgeSymbol.swift in Sources */ = {isa = PBXBuildFile; fileRef = 771E501926DB927C000AB3FE /* BadgeSymbol.swift */; };
		771E501C26DB93A5000AB3FE /* RotatedBadgeSymbol.swift in Sources */ = {isa = PBXBuildFile; fileRef = 771E501B26DB93A5000AB3FE /* RotatedBadgeSymbol.swift */; };
		771E501E26DB944F000AB3FE /* Badge.swift in Sources */ = {isa = PBXBuildFile; fileRef = 771E501D26DB944F000AB3FE /* Badge.swift */; };
		771E502026DBAFBA000AB3FE /* hikeData.json in Resources */ = {isa = PBXBuildFile; fileRef = 771E501F26DBAFBA000AB3FE /* hikeData.json */; };
		771E502226DBB01C000AB3FE /* Hike.swift in Sources */ = {isa = PBXBuildFile; fileRef = 771E502126DBB01C000AB3FE /* Hike.swift */; };
		771E502826DBB0A3000AB3FE /* GraphCapsule.swift in Sources */ = {isa = PBXBuildFile; fileRef = 771E502426DBB0A3000AB3FE /* GraphCapsule.swift */; };
		771E502926DBB0A3000AB3FE /* HikeGraph.swift in Sources */ = {isa = PBXBuildFile; fileRef = 771E502526DBB0A3000AB3FE /* HikeGraph.swift */; };
		771E502A26DBB0A3000AB3FE /* HikeDetail.swift in Sources */ = {isa = PBXBuildFile; fileRef = 771E502626DBB0A3000AB3FE /* HikeDetail.swift */; };
		771E502B26DBB0A3000AB3FE /* HikeView.swift in Sources */ = {isa = PBXBuildFile; fileRef = 771E502726DBB0A3000AB3FE /* HikeView.swift */; };
		771FD9C526DA5A2500FB4481 /* LocationsApp.swift in Sources */ = {isa = PBXBuildFile; fileRef = 771FD9C426DA5A2500FB4481 /* LocationsApp.swift */; };
		771FD9C726DA5A2500FB4481 /* ContentView.swift in Sources */ = {isa = PBXBuildFile; fileRef = 771FD9C626DA5A2500FB4481 /* ContentView.swift */; };
		771FD9C926DA5A2900FB4481 /* Assets.xcassets in Resources */ = {isa = PBXBuildFile; fileRef = 771FD9C826DA5A2900FB4481 /* Assets.xcassets */; };
		771FD9CC26DA5A2900FB4481 /* Preview Assets.xcassets in Resources */ = {isa = PBXBuildFile; fileRef = 771FD9CB26DA5A2900FB4481 /* Preview Assets.xcassets */; };
		771FD9D526DA616F00FB4481 /* CircleImage.swift in Sources */ = {isa = PBXBuildFile; fileRef = 771FD9D426DA616F00FB4481 /* CircleImage.swift */; };
		771FD9D726DA629400FB4481 /* MapView.swift in Sources */ = {isa = PBXBuildFile; fileRef = 771FD9D626DA629400FB4481 /* MapView.swift */; };
		771FD9DA26DA82CD00FB4481 /* landmarkData.json in Resources */ = {isa = PBXBuildFile; fileRef = 771FD9D926DA82CD00FB4481 /* landmarkData.json */; };
		771FD9DD26DA82F100FB4481 /* Landmark.swift in Sources */ = {isa = PBXBuildFile; fileRef = 771FD9DC26DA82F100FB4481 /* Landmark.swift */; };
		771FD9DF26DA83C300FB4481 /* ModelData.swift in Sources */ = {isa = PBXBuildFile; fileRef = 771FD9DE26DA83C300FB4481 /* ModelData.swift */; };
		771FD9E126DA847000FB4481 /* LandmarkRow.swift in Sources */ = {isa = PBXBuildFile; fileRef = 771FD9E026DA847000FB4481 /* LandmarkRow.swift */; };
		771FD9E326DA85D900FB4481 /* LandmarkList.swift in Sources */ = {isa = PBXBuildFile; fileRef = 771FD9E226DA85D900FB4481 /* LandmarkList.swift */; };
		771FD9E526DA86DD00FB4481 /* LandmarkDetail.swift in Sources */ = {isa = PBXBuildFile; fileRef = 771FD9E426DA86DD00FB4481 /* LandmarkDetail.swift */; };
		779D299326DBCD3F0077EF53 /* CategoryHome.swift in Sources */ = {isa = PBXBuildFile; fileRef = 779D299226DBCD3F0077EF53 /* CategoryHome.swift */; };
		779D299526DBD1E20077EF53 /* CategoryRow.swift in Sources */ = {isa = PBXBuildFile; fileRef = 779D299426DBD1E20077EF53 /* CategoryRow.swift */; };
		779D299726DBE5E40077EF53 /* CategoryItem.swift in Sources */ = {isa = PBXBuildFile; fileRef = 779D299626DBE5E40077EF53 /* CategoryItem.swift */; };
		779D299926DC94500077EF53 /* Profile.swift in Sources */ = {isa = PBXBuildFile; fileRef = 779D299826DC94500077EF53 /* Profile.swift */; };
		779D299C26DC94910077EF53 /* ProfileHost.swift in Sources */ = {isa = PBXBuildFile; fileRef = 779D299B26DC94910077EF53 /* ProfileHost.swift */; };
		779D299E26DC94C70077EF53 /* ProfileSummary.swift in Sources */ = {isa = PBXBuildFile; fileRef = 779D299D26DC94C70077EF53 /* ProfileSummary.swift */; };
		779D29A026DC958E0077EF53 /* HikeBadge.swift in Sources */ = {isa = PBXBuildFile; fileRef = 779D299F26DC958E0077EF53 /* HikeBadge.swift */; };
		779D29A226DC9D270077EF53 /* ProfileEditor.swift in Sources */ = {isa = PBXBuildFile; fileRef = 779D29A126DC9D270077EF53 /* ProfileEditor.swift */; };
		779D29A426DD58E10077EF53 /* PageControl.swift in Sources */ = {isa = PBXBuildFile; fileRef = 779D29A326DD58E10077EF53 /* PageControl.swift */; };
		779D29AA26DDD2B80077EF53 /* Assets.xcassets in Resources */ = {isa = PBXBuildFile; fileRef = 779D29A926DDD2B80077EF53 /* Assets.xcassets */; };
		779D29B126DDD2B90077EF53 /* watch-locations Extension.appex in Embed App Extensions */ = {isa = PBXBuildFile; fileRef = 779D29B026DDD2B90077EF53 /* watch-locations Extension.appex */; settings = {ATTRIBUTES = (RemoveHeadersOnCopy, ); }; };
		779D29B826DDD2B90077EF53 /* ContentView.swift in Sources */ = {isa = PBXBuildFile; fileRef = 779D29B726DDD2B90077EF53 /* ContentView.swift */; };
		779D29BA26DDD2B90077EF53 /* NotificationController.swift in Sources */ = {isa = PBXBuildFile; fileRef = 779D29B926DDD2B90077EF53 /* NotificationController.swift */; };
		779D29BC26DDD2B90077EF53 /* NotificationView.swift in Sources */ = {isa = PBXBuildFile; fileRef = 779D29BB26DDD2B90077EF53 /* NotificationView.swift */; };
		779D29BE26DDD2B90077EF53 /* ComplicationController.swift in Sources */ = {isa = PBXBuildFile; fileRef = 779D29BD26DDD2B90077EF53 /* ComplicationController.swift */; };
		779D29C026DDD2B90077EF53 /* Assets.xcassets in Resources */ = {isa = PBXBuildFile; fileRef = 779D29BF26DDD2B90077EF53 /* Assets.xcassets */; };
		779D29C326DDD2B90077EF53 /* Preview Assets.xcassets in Resources */ = {isa = PBXBuildFile; fileRef = 779D29C226DDD2B90077EF53 /* Preview Assets.xcassets */; };
		779D29C826DDD2B90077EF53 /* watch-locations.app in Embed Watch Content */ = {isa = PBXBuildFile; fileRef = 779D29A726DDD2B60077EF53 /* watch-locations.app */; settings = {ATTRIBUTES = (RemoveHeadersOnCopy, ); }; };
		779D29D126DDD5890077EF53 /* LocationsApp.swift in Sources */ = {isa = PBXBuildFile; fileRef = 771FD9C426DA5A2500FB4481 /* LocationsApp.swift */; };
		779D29D226DDD5980077EF53 /* LandmarkList.swift in Sources */ = {isa = PBXBuildFile; fileRef = 771FD9E226DA85D900FB4481 /* LandmarkList.swift */; };
		779D29D326DDD5A00077EF53 /* CategoryRow.swift in Sources */ = {isa = PBXBuildFile; fileRef = 779D299426DBD1E20077EF53 /* CategoryRow.swift */; };
		779D29D426DDD5A80077EF53 /* CircleImage.swift in Sources */ = {isa = PBXBuildFile; fileRef = 771FD9D426DA616F00FB4481 /* CircleImage.swift */; };
		779D29D526DDD5B20077EF53 /* MapView.swift in Sources */ = {isa = PBXBuildFile; fileRef = 771FD9D626DA629400FB4481 /* MapView.swift */; };
		779D29D626DDD5C00077EF53 /* Profile.swift in Sources */ = {isa = PBXBuildFile; fileRef = 779D299826DC94500077EF53 /* Profile.swift */; };
		779D29D726DDD5C00077EF53 /* ModelData.swift in Sources */ = {isa = PBXBuildFile; fileRef = 771FD9DE26DA83C300FB4481 /* ModelData.swift */; };
		779D29D826DDD5C00077EF53 /* Landmark.swift in Sources */ = {isa = PBXBuildFile; fileRef = 771FD9DC26DA82F100FB4481 /* Landmark.swift */; };
		779D29D926DDD5C00077EF53 /* Hike.swift in Sources */ = {isa = PBXBuildFile; fileRef = 771E502126DBB01C000AB3FE /* Hike.swift */; };
		779D29DA26DDD5CC0077EF53 /* landmarkData.json in Resources */ = {isa = PBXBuildFile; fileRef = 771FD9D926DA82CD00FB4481 /* landmarkData.json */; };
		779D29DB26DDD5CC0077EF53 /* hikeData.json in Resources */ = {isa = PBXBuildFile; fileRef = 771E501F26DBAFBA000AB3FE /* hikeData.json */; };
		779D29DC26DDD5CF0077EF53 /* Assets.xcassets in Resources */ = {isa = PBXBuildFile; fileRef = 771FD9C826DA5A2900FB4481 /* Assets.xcassets */; };
		779D29DD26DDD66F0077EF53 /* Helpers.swift in Sources */ = {isa = PBXBuildFile; fileRef = 771E500F26DB3F91000AB3FE /* Helpers.swift */; };
		779D29DF26DDD6830077EF53 /* CategoryItem.swift in Sources */ = {isa = PBXBuildFile; fileRef = 779D299626DBE5E40077EF53 /* CategoryItem.swift */; };
		779D29E026DDD6E30077EF53 /* FavoriteButton.swift in Sources */ = {isa = PBXBuildFile; fileRef = 771E501126DB43E7000AB3FE /* FavoriteButton.swift */; };
		779D29E126DDD6FB0077EF53 /* LandmarkRow.swift in Sources */ = {isa = PBXBuildFile; fileRef = 771FD9E026DA847000FB4481 /* LandmarkRow.swift */; };
		779D29E426DDDA200077EF53 /* View+Extensions.swift in Sources */ = {isa = PBXBuildFile; fileRef = 779D29E326DDDA200077EF53 /* View+Extensions.swift */; };
		779D29E526DDDA660077EF53 /* View+Extensions.swift in Sources */ = {isa = PBXBuildFile; fileRef = 779D29E326DDDA200077EF53 /* View+Extensions.swift */; };
		779D29E926DDDC760077EF53 /* LandmarkDetail.swift in Sources */ = {isa = PBXBuildFile; fileRef = 779D29E826DDDC760077EF53 /* LandmarkDetail.swift */; };
/* End PBXBuildFile section */

/* Begin PBXContainerItemProxy section */
		779D29B226DDD2B90077EF53 /* PBXContainerItemProxy */ = {
			isa = PBXContainerItemProxy;
			containerPortal = 771FD9B926DA5A2500FB4481 /* Project object */;
			proxyType = 1;
			remoteGlobalIDString = 779D29AF26DDD2B90077EF53;
			remoteInfo = "watch-locations Extension";
		};
		779D29C626DDD2B90077EF53 /* PBXContainerItemProxy */ = {
			isa = PBXContainerItemProxy;
			containerPortal = 771FD9B926DA5A2500FB4481 /* Project object */;
			proxyType = 1;
			remoteGlobalIDString = 779D29A626DDD2B60077EF53;
			remoteInfo = "watch-locations";
		};
/* End PBXContainerItemProxy section */

/* Begin PBXCopyFilesBuildPhase section */
		779D29C926DDD2B90077EF53 /* Embed Watch Content */ = {
			isa = PBXCopyFilesBuildPhase;
			buildActionMask = 2147483647;
			dstPath = "$(CONTENTS_FOLDER_PATH)/Watch";
			dstSubfolderSpec = 16;
			files = (
				779D29C826DDD2B90077EF53 /* watch-locations.app in Embed Watch Content */,
			);
			name = "Embed Watch Content";
			runOnlyForDeploymentPostprocessing = 0;
		};
		779D29CC26DDD2B90077EF53 /* Embed App Extensions */ = {
			isa = PBXCopyFilesBuildPhase;
			buildActionMask = 2147483647;
			dstPath = "";
			dstSubfolderSpec = 13;
			files = (
				779D29B126DDD2B90077EF53 /* watch-locations Extension.appex in Embed App Extensions */,
			);
			name = "Embed App Extensions";
			runOnlyForDeploymentPostprocessing = 0;
		};
/* End PBXCopyFilesBuildPhase section */

/* Begin PBXFileReference section */
		3E50923F26DD1E3400CA2FAA /* PageViewController.swift */ = {isa = PBXFileReference; lastKnownFileType = sourcecode.swift; path = PageViewController.swift; sourceTree = "<group>"; };
		3E50924126DD219000CA2FAA /* FeatureCard.swift */ = {isa = PBXFileReference; lastKnownFileType = sourcecode.swift; path = FeatureCard.swift; sourceTree = "<group>"; };
		3E50924326DD221A00CA2FAA /* TextOverlay.swift */ = {isa = PBXFileReference; lastKnownFileType = sourcecode.swift; path = TextOverlay.swift; sourceTree = "<group>"; };
		3E50924526DD237B00CA2FAA /* PageView.swift */ = {isa = PBXFileReference; lastKnownFileType = sourcecode.swift; path = PageView.swift; sourceTree = "<group>"; };
		3E50924B26DE1FAF00CA2FAA /* mac-locations.app */ = {isa = PBXFileReference; explicitFileType = wrapper.application; includeInIndex = 0; path = "mac-locations.app"; sourceTree = BUILT_PRODUCTS_DIR; };
		3E50924D26DE1FAF00CA2FAA /* mac_locationsApp.swift */ = {isa = PBXFileReference; lastKnownFileType = sourcecode.swift; path = mac_locationsApp.swift; sourceTree = "<group>"; };
		3E50924F26DE1FAF00CA2FAA /* ContentView.swift */ = {isa = PBXFileReference; lastKnownFileType = sourcecode.swift; path = ContentView.swift; sourceTree = "<group>"; };
		3E50925126DE1FB200CA2FAA /* Assets.xcassets */ = {isa = PBXFileReference; lastKnownFileType = folder.assetcatalog; path = Assets.xcassets; sourceTree = "<group>"; };
		3E50925426DE1FB200CA2FAA /* Preview Assets.xcassets */ = {isa = PBXFileReference; lastKnownFileType = folder.assetcatalog; path = "Preview Assets.xcassets"; sourceTree = "<group>"; };
		3E50925626DE1FB200CA2FAA /* Info.plist */ = {isa = PBXFileReference; lastKnownFileType = text.plist.xml; path = Info.plist; sourceTree = "<group>"; };
		3E50925726DE1FB200CA2FAA /* mac_locations.entitlements */ = {isa = PBXFileReference; lastKnownFileType = text.plist.entitlements; path = mac_locations.entitlements; sourceTree = "<group>"; };
		771E500F26DB3F91000AB3FE /* Helpers.swift */ = {isa = PBXFileReference; lastKnownFileType = sourcecode.swift; path = Helpers.swift; sourceTree = "<group>"; };
		771E501126DB43E7000AB3FE /* FavoriteButton.swift */ = {isa = PBXFileReference; lastKnownFileType = sourcecode.swift; path = FavoriteButton.swift; sourceTree = "<group>"; };
		771E501426DB4BD1000AB3FE /* HexagonParameters.swift */ = {isa = PBXFileReference; lastKnownFileType = sourcecode.swift; path = HexagonParameters.swift; sourceTree = "<group>"; };
		771E501626DB882F000AB3FE /* BadgeBackground.swift */ = {isa = PBXFileReference; lastKnownFileType = sourcecode.swift; path = BadgeBackground.swift; sourceTree = "<group>"; };
		771E501926DB927C000AB3FE /* BadgeSymbol.swift */ = {isa = PBXFileReference; lastKnownFileType = sourcecode.swift; path = BadgeSymbol.swift; sourceTree = "<group>"; };
		771E501B26DB93A5000AB3FE /* RotatedBadgeSymbol.swift */ = {isa = PBXFileReference; lastKnownFileType = sourcecode.swift; path = RotatedBadgeSymbol.swift; sourceTree = "<group>"; };
		771E501D26DB944F000AB3FE /* Badge.swift */ = {isa = PBXFileReference; lastKnownFileType = sourcecode.swift; path = Badge.swift; sourceTree = "<group>"; };
		771E501F26DBAFBA000AB3FE /* hikeData.json */ = {isa = PBXFileReference; fileEncoding = 4; lastKnownFileType = text.json; path = hikeData.json; sourceTree = "<group>"; };
		771E502126DBB01C000AB3FE /* Hike.swift */ = {isa = PBXFileReference; lastKnownFileType = sourcecode.swift; path = Hike.swift; sourceTree = "<group>"; };
		771E502426DBB0A3000AB3FE /* GraphCapsule.swift */ = {isa = PBXFileReference; fileEncoding = 4; lastKnownFileType = sourcecode.swift; path = GraphCapsule.swift; sourceTree = "<group>"; };
		771E502526DBB0A3000AB3FE /* HikeGraph.swift */ = {isa = PBXFileReference; fileEncoding = 4; lastKnownFileType = sourcecode.swift; path = HikeGraph.swift; sourceTree = "<group>"; };
		771E502626DBB0A3000AB3FE /* HikeDetail.swift */ = {isa = PBXFileReference; fileEncoding = 4; lastKnownFileType = sourcecode.swift; path = HikeDetail.swift; sourceTree = "<group>"; };
		771E502726DBB0A3000AB3FE /* HikeView.swift */ = {isa = PBXFileReference; fileEncoding = 4; lastKnownFileType = sourcecode.swift; path = HikeView.swift; sourceTree = "<group>"; };
		771FD9C126DA5A2500FB4481 /* locations.app */ = {isa = PBXFileReference; explicitFileType = wrapper.application; includeInIndex = 0; path = locations.app; sourceTree = BUILT_PRODUCTS_DIR; };
		771FD9C426DA5A2500FB4481 /* LocationsApp.swift */ = {isa = PBXFileReference; lastKnownFileType = sourcecode.swift; path = LocationsApp.swift; sourceTree = "<group>"; };
		771FD9C626DA5A2500FB4481 /* ContentView.swift */ = {isa = PBXFileReference; lastKnownFileType = sourcecode.swift; path = ContentView.swift; sourceTree = "<group>"; };
		771FD9C826DA5A2900FB4481 /* Assets.xcassets */ = {isa = PBXFileReference; lastKnownFileType = folder.assetcatalog; path = Assets.xcassets; sourceTree = "<group>"; };
		771FD9CB26DA5A2900FB4481 /* Preview Assets.xcassets */ = {isa = PBXFileReference; lastKnownFileType = folder.assetcatalog; path = "Preview Assets.xcassets"; sourceTree = "<group>"; };
		771FD9CD26DA5A2900FB4481 /* Info.plist */ = {isa = PBXFileReference; lastKnownFileType = text.plist.xml; path = Info.plist; sourceTree = "<group>"; };
		771FD9D426DA616F00FB4481 /* CircleImage.swift */ = {isa = PBXFileReference; lastKnownFileType = sourcecode.swift; path = CircleImage.swift; sourceTree = "<group>"; };
		771FD9D626DA629400FB4481 /* MapView.swift */ = {isa = PBXFileReference; lastKnownFileType = sourcecode.swift; path = MapView.swift; sourceTree = "<group>"; };
		771FD9D926DA82CD00FB4481 /* landmarkData.json */ = {isa = PBXFileReference; fileEncoding = 4; lastKnownFileType = text.json; path = landmarkData.json; sourceTree = "<group>"; };
		771FD9DC26DA82F100FB4481 /* Landmark.swift */ = {isa = PBXFileReference; lastKnownFileType = sourcecode.swift; path = Landmark.swift; sourceTree = "<group>"; };
		771FD9DE26DA83C300FB4481 /* ModelData.swift */ = {isa = PBXFileReference; lastKnownFileType = sourcecode.swift; path = ModelData.swift; sourceTree = "<group>"; };
		771FD9E026DA847000FB4481 /* LandmarkRow.swift */ = {isa = PBXFileReference; lastKnownFileType = sourcecode.swift; path = LandmarkRow.swift; sourceTree = "<group>"; };
		771FD9E226DA85D900FB4481 /* LandmarkList.swift */ = {isa = PBXFileReference; lastKnownFileType = sourcecode.swift; path = LandmarkList.swift; sourceTree = "<group>"; };
		771FD9E426DA86DD00FB4481 /* LandmarkDetail.swift */ = {isa = PBXFileReference; lastKnownFileType = sourcecode.swift; path = LandmarkDetail.swift; sourceTree = "<group>"; };
		779D299226DBCD3F0077EF53 /* CategoryHome.swift */ = {isa = PBXFileReference; lastKnownFileType = sourcecode.swift; path = CategoryHome.swift; sourceTree = "<group>"; };
		779D299426DBD1E20077EF53 /* CategoryRow.swift */ = {isa = PBXFileReference; lastKnownFileType = sourcecode.swift; path = CategoryRow.swift; sourceTree = "<group>"; };
		779D299626DBE5E40077EF53 /* CategoryItem.swift */ = {isa = PBXFileReference; lastKnownFileType = sourcecode.swift; path = CategoryItem.swift; sourceTree = "<group>"; };
		779D299826DC94500077EF53 /* Profile.swift */ = {isa = PBXFileReference; lastKnownFileType = sourcecode.swift; path = Profile.swift; sourceTree = "<group>"; };
		779D299B26DC94910077EF53 /* ProfileHost.swift */ = {isa = PBXFileReference; lastKnownFileType = sourcecode.swift; path = ProfileHost.swift; sourceTree = "<group>"; };
		779D299D26DC94C70077EF53 /* ProfileSummary.swift */ = {isa = PBXFileReference; lastKnownFileType = sourcecode.swift; path = ProfileSummary.swift; sourceTree = "<group>"; };
		779D299F26DC958E0077EF53 /* HikeBadge.swift */ = {isa = PBXFileReference; lastKnownFileType = sourcecode.swift; path = HikeBadge.swift; sourceTree = "<group>"; };
		779D29A126DC9D270077EF53 /* ProfileEditor.swift */ = {isa = PBXFileReference; lastKnownFileType = sourcecode.swift; path = ProfileEditor.swift; sourceTree = "<group>"; };
		779D29A326DD58E10077EF53 /* PageControl.swift */ = {isa = PBXFileReference; lastKnownFileType = sourcecode.swift; path = PageControl.swift; sourceTree = "<group>"; };
		779D29A726DDD2B60077EF53 /* watch-locations.app */ = {isa = PBXFileReference; explicitFileType = wrapper.application; includeInIndex = 0; path = "watch-locations.app"; sourceTree = BUILT_PRODUCTS_DIR; };
		779D29A926DDD2B80077EF53 /* Assets.xcassets */ = {isa = PBXFileReference; lastKnownFileType = folder.assetcatalog; path = Assets.xcassets; sourceTree = "<group>"; };
		779D29AB26DDD2B80077EF53 /* Info.plist */ = {isa = PBXFileReference; lastKnownFileType = text.plist.xml; path = Info.plist; sourceTree = "<group>"; };
		779D29B026DDD2B90077EF53 /* watch-locations Extension.appex */ = {isa = PBXFileReference; explicitFileType = "wrapper.app-extension"; includeInIndex = 0; path = "watch-locations Extension.appex"; sourceTree = BUILT_PRODUCTS_DIR; };
		779D29B726DDD2B90077EF53 /* ContentView.swift */ = {isa = PBXFileReference; lastKnownFileType = sourcecode.swift; path = ContentView.swift; sourceTree = "<group>"; };
		779D29B926DDD2B90077EF53 /* NotificationController.swift */ = {isa = PBXFileReference; lastKnownFileType = sourcecode.swift; path = NotificationController.swift; sourceTree = "<group>"; };
		779D29BB26DDD2B90077EF53 /* NotificationView.swift */ = {isa = PBXFileReference; lastKnownFileType = sourcecode.swift; path = NotificationView.swift; sourceTree = "<group>"; };
		779D29BD26DDD2B90077EF53 /* ComplicationController.swift */ = {isa = PBXFileReference; lastKnownFileType = sourcecode.swift; path = ComplicationController.swift; sourceTree = "<group>"; };
		779D29BF26DDD2B90077EF53 /* Assets.xcassets */ = {isa = PBXFileReference; lastKnownFileType = folder.assetcatalog; path = Assets.xcassets; sourceTree = "<group>"; };
		779D29C226DDD2B90077EF53 /* Preview Assets.xcassets */ = {isa = PBXFileReference; lastKnownFileType = folder.assetcatalog; path = "Preview Assets.xcassets"; sourceTree = "<group>"; };
		779D29C426DDD2B90077EF53 /* Info.plist */ = {isa = PBXFileReference; lastKnownFileType = text.plist.xml; path = Info.plist; sourceTree = "<group>"; };
		779D29C526DDD2B90077EF53 /* PushNotificationPayload.apns */ = {isa = PBXFileReference; lastKnownFileType = text; path = PushNotificationPayload.apns; sourceTree = "<group>"; };
		779D29E326DDDA200077EF53 /* View+Extensions.swift */ = {isa = PBXFileReference; lastKnownFileType = sourcecode.swift; path = "View+Extensions.swift"; sourceTree = "<group>"; };
		779D29E826DDDC760077EF53 /* LandmarkDetail.swift */ = {isa = PBXFileReference; lastKnownFileType = sourcecode.swift; path = LandmarkDetail.swift; sourceTree = "<group>"; };
/* End PBXFileReference section */

/* Begin PBXFrameworksBuildPhase section */
		3E50924826DE1FAF00CA2FAA /* Frameworks */ = {
			isa = PBXFrameworksBuildPhase;
			buildActionMask = 2147483647;
			files = (
			);
			runOnlyForDeploymentPostprocessing = 0;
		};
		771FD9BE26DA5A2500FB4481 /* Frameworks */ = {
			isa = PBXFrameworksBuildPhase;
			buildActionMask = 2147483647;
			files = (
			);
			runOnlyForDeploymentPostprocessing = 0;
		};
		779D29AD26DDD2B90077EF53 /* Frameworks */ = {
			isa = PBXFrameworksBuildPhase;
			buildActionMask = 2147483647;
			files = (
			);
			runOnlyForDeploymentPostprocessing = 0;
		};
/* End PBXFrameworksBuildPhase section */

/* Begin PBXGroup section */
		3E50923E26DD1E2100CA2FAA /* Page */ = {
			isa = PBXGroup;
			children = (
				3E50923F26DD1E3400CA2FAA /* PageViewController.swift */,
				3E50924526DD237B00CA2FAA /* PageView.swift */,
			);
			path = Page;
			sourceTree = "<group>";
		};
		3E50924C26DE1FAF00CA2FAA /* mac-locations */ = {
			isa = PBXGroup;
			children = (
				3E50924D26DE1FAF00CA2FAA /* mac_locationsApp.swift */,
				3E50924F26DE1FAF00CA2FAA /* ContentView.swift */,
				3E50925126DE1FB200CA2FAA /* Assets.xcassets */,
				3E50925626DE1FB200CA2FAA /* Info.plist */,
				3E50925726DE1FB200CA2FAA /* mac_locations.entitlements */,
				3E50925326DE1FB200CA2FAA /* Preview Content */,
			);
			path = "mac-locations";
			sourceTree = "<group>";
		};
		3E50925326DE1FB200CA2FAA /* Preview Content */ = {
			isa = PBXGroup;
			children = (
				3E50925426DE1FB200CA2FAA /* Preview Assets.xcassets */,
			);
			path = "Preview Content";
			sourceTree = "<group>";
		};
		771E500E26DB3F79000AB3FE /* Helpers */ = {
			isa = PBXGroup;
			children = (
				771E500F26DB3F91000AB3FE /* Helpers.swift */,
				779D29E326DDDA200077EF53 /* View+Extensions.swift */,
			);
			path = Helpers;
			sourceTree = "<group>";
		};
		771E501326DB44C9000AB3FE /* Components */ = {
			isa = PBXGroup;
			children = (
				771E501826DB8D62000AB3FE /* Badge */,
				771E502326DBB0A3000AB3FE /* Hikes */,
				771FD9D426DA616F00FB4481 /* CircleImage.swift */,
				771FD9D626DA629400FB4481 /* MapView.swift */,
				771E501126DB43E7000AB3FE /* FavoriteButton.swift */,
				3E50924326DD221A00CA2FAA /* TextOverlay.swift */,
				779D29A326DD58E10077EF53 /* PageControl.swift */,
			);
			path = Components;
			sourceTree = "<group>";
		};
		771E501826DB8D62000AB3FE /* Badge */ = {
			isa = PBXGroup;
			children = (
				771E501426DB4BD1000AB3FE /* HexagonParameters.swift */,
				771E501626DB882F000AB3FE /* BadgeBackground.swift */,
				771E501926DB927C000AB3FE /* BadgeSymbol.swift */,
				771E501B26DB93A5000AB3FE /* RotatedBadgeSymbol.swift */,
				771E501D26DB944F000AB3FE /* Badge.swift */,
			);
			path = Badge;
			sourceTree = "<group>";
		};
		771E502326DBB0A3000AB3FE /* Hikes */ = {
			isa = PBXGroup;
			children = (
				771E502426DBB0A3000AB3FE /* GraphCapsule.swift */,
				771E502526DBB0A3000AB3FE /* HikeGraph.swift */,
				771E502626DBB0A3000AB3FE /* HikeDetail.swift */,
				771E502726DBB0A3000AB3FE /* HikeView.swift */,
				779D299F26DC958E0077EF53 /* HikeBadge.swift */,
			);
			path = Hikes;
			sourceTree = "<group>";
		};
		771FD9B826DA5A2500FB4481 = {
			isa = PBXGroup;
			children = (
				771FD9C326DA5A2500FB4481 /* locations */,
				779D29A826DDD2B60077EF53 /* watch-locations */,
				779D29B426DDD2B90077EF53 /* watch-locations Extension */,
				3E50924C26DE1FAF00CA2FAA /* mac-locations */,
				771FD9C226DA5A2500FB4481 /* Products */,
			);
			sourceTree = "<group>";
		};
		771FD9C226DA5A2500FB4481 /* Products */ = {
			isa = PBXGroup;
			children = (
				771FD9C126DA5A2500FB4481 /* locations.app */,
				779D29A726DDD2B60077EF53 /* watch-locations.app */,
				779D29B026DDD2B90077EF53 /* watch-locations Extension.appex */,
				3E50924B26DE1FAF00CA2FAA /* mac-locations.app */,
			);
			name = Products;
			sourceTree = "<group>";
		};
		771FD9C326DA5A2500FB4481 /* locations */ = {
			isa = PBXGroup;
			children = (
				771FD9C426DA5A2500FB4481 /* LocationsApp.swift */,
				771FD9D326DA614B00FB4481 /* Views */,
				771FD9DB26DA82E200FB4481 /* Models */,
				771FD9D826DA828400FB4481 /* Resourses */,
				771E500E26DB3F79000AB3FE /* Helpers */,
				771FD9C826DA5A2900FB4481 /* Assets.xcassets */,
				771FD9CD26DA5A2900FB4481 /* Info.plist */,
				771FD9CA26DA5A2900FB4481 /* Preview Content */,
			);
			path = locations;
			sourceTree = "<group>";
		};
		771FD9CA26DA5A2900FB4481 /* Preview Content */ = {
			isa = PBXGroup;
			children = (
				771FD9CB26DA5A2900FB4481 /* Preview Assets.xcassets */,
			);
			path = "Preview Content";
			sourceTree = "<group>";
		};
		771FD9D326DA614B00FB4481 /* Views */ = {
			isa = PBXGroup;
			children = (
				771FD9C626DA5A2500FB4481 /* ContentView.swift */,
				771FD9E226DA85D900FB4481 /* LandmarkList.swift */,
				771FD9E426DA86DD00FB4481 /* LandmarkDetail.swift */,
				779D29E626DDDBCC0077EF53 /* Subviews */,
				3E50923E26DD1E2100CA2FAA /* Page */,
				779D299A26DC94870077EF53 /* Profile */,
				779D299126DBCD300077EF53 /* Categories */,
				771E501326DB44C9000AB3FE /* Components */,
			);
			path = Views;
			sourceTree = "<group>";
		};
		771FD9D826DA828400FB4481 /* Resourses */ = {
			isa = PBXGroup;
			children = (
				771FD9D926DA82CD00FB4481 /* landmarkData.json */,
				771E501F26DBAFBA000AB3FE /* hikeData.json */,
			);
			path = Resourses;
			sourceTree = "<group>";
		};
		771FD9DB26DA82E200FB4481 /* Models */ = {
			isa = PBXGroup;
			children = (
				771FD9DC26DA82F100FB4481 /* Landmark.swift */,
				771FD9DE26DA83C300FB4481 /* ModelData.swift */,
				771E502126DBB01C000AB3FE /* Hike.swift */,
				779D299826DC94500077EF53 /* Profile.swift */,
			);
			path = Models;
			sourceTree = "<group>";
		};
		779D299126DBCD300077EF53 /* Categories */ = {
			isa = PBXGroup;
			children = (
				779D299226DBCD3F0077EF53 /* CategoryHome.swift */,
				779D299426DBD1E20077EF53 /* CategoryRow.swift */,
				779D299626DBE5E40077EF53 /* CategoryItem.swift */,
			);
			path = Categories;
			sourceTree = "<group>";
		};
		779D299A26DC94870077EF53 /* Profile */ = {
			isa = PBXGroup;
			children = (
				779D299B26DC94910077EF53 /* ProfileHost.swift */,
				779D299D26DC94C70077EF53 /* ProfileSummary.swift */,
				779D29A126DC9D270077EF53 /* ProfileEditor.swift */,
			);
			path = Profile;
			sourceTree = "<group>";
		};
		779D29A826DDD2B60077EF53 /* watch-locations */ = {
			isa = PBXGroup;
			children = (
				779D29A926DDD2B80077EF53 /* Assets.xcassets */,
				779D29AB26DDD2B80077EF53 /* Info.plist */,
			);
			path = "watch-locations";
			sourceTree = "<group>";
		};
		779D29B426DDD2B90077EF53 /* watch-locations Extension */ = {
			isa = PBXGroup;
			children = (
				779D29B926DDD2B90077EF53 /* NotificationController.swift */,
				779D29BD26DDD2B90077EF53 /* ComplicationController.swift */,
				779D29E726DDDC660077EF53 /* Views */,
				779D29BF26DDD2B90077EF53 /* Assets.xcassets */,
				779D29C426DDD2B90077EF53 /* Info.plist */,
				779D29C526DDD2B90077EF53 /* PushNotificationPayload.apns */,
				779D29C126DDD2B90077EF53 /* Preview Content */,
			);
			path = "watch-locations Extension";
			sourceTree = "<group>";
		};
		779D29C126DDD2B90077EF53 /* Preview Content */ = {
			isa = PBXGroup;
			children = (
				779D29C226DDD2B90077EF53 /* Preview Assets.xcassets */,
			);
			path = "Preview Content";
			sourceTree = "<group>";
		};
		779D29E626DDDBCC0077EF53 /* Subviews */ = {
			isa = PBXGroup;
			children = (
				771FD9E026DA847000FB4481 /* LandmarkRow.swift */,
				3E50924126DD219000CA2FAA /* FeatureCard.swift */,
			);
			path = Subviews;
			sourceTree = "<group>";
		};
		779D29E726DDDC660077EF53 /* Views */ = {
			isa = PBXGroup;
			children = (
				779D29B726DDD2B90077EF53 /* ContentView.swift */,
				779D29BB26DDD2B90077EF53 /* NotificationView.swift */,
				779D29E826DDDC760077EF53 /* LandmarkDetail.swift */,
			);
			path = Views;
			sourceTree = "<group>";
		};
/* End PBXGroup section */

/* Begin PBXNativeTarget section */
		3E50924A26DE1FAF00CA2FAA /* mac-locations */ = {
			isa = PBXNativeTarget;
			buildConfigurationList = 3E50925A26DE1FB200CA2FAA /* Build configuration list for PBXNativeTarget "mac-locations" */;
			buildPhases = (
				3E50924726DE1FAF00CA2FAA /* Sources */,
				3E50924826DE1FAF00CA2FAA /* Frameworks */,
				3E50924926DE1FAF00CA2FAA /* Resources */,
			);
			buildRules = (
			);
			dependencies = (
			);
			name = "mac-locations";
			productName = "mac-locations";
			productReference = 3E50924B26DE1FAF00CA2FAA /* mac-locations.app */;
			productType = "com.apple.product-type.application";
		};
		771FD9C026DA5A2500FB4481 /* locations */ = {
			isa = PBXNativeTarget;
			buildConfigurationList = 771FD9D026DA5A2900FB4481 /* Build configuration list for PBXNativeTarget "locations" */;
			buildPhases = (
				771FD9BD26DA5A2500FB4481 /* Sources */,
				771FD9BE26DA5A2500FB4481 /* Frameworks */,
				771FD9BF26DA5A2500FB4481 /* Resources */,
				779D29C926DDD2B90077EF53 /* Embed Watch Content */,
			);
			buildRules = (
			);
			dependencies = (
				779D29C726DDD2B90077EF53 /* PBXTargetDependency */,
			);
			name = locations;
			productName = locations;
			productReference = 771FD9C126DA5A2500FB4481 /* locations.app */;
			productType = "com.apple.product-type.application";
		};
		779D29A626DDD2B60077EF53 /* watch-locations */ = {
			isa = PBXNativeTarget;
			buildConfigurationList = 779D29D026DDD2B90077EF53 /* Build configuration list for PBXNativeTarget "watch-locations" */;
			buildPhases = (
				779D29A526DDD2B60077EF53 /* Resources */,
				779D29CC26DDD2B90077EF53 /* Embed App Extensions */,
			);
			buildRules = (
			);
			dependencies = (
				779D29B326DDD2B90077EF53 /* PBXTargetDependency */,
			);
			name = "watch-locations";
			productName = "watch-locations";
			productReference = 779D29A726DDD2B60077EF53 /* watch-locations.app */;
			productType = "com.apple.product-type.application.watchapp2";
		};
		779D29AF26DDD2B90077EF53 /* watch-locations Extension */ = {
			isa = PBXNativeTarget;
			buildConfigurationList = 779D29CF26DDD2B90077EF53 /* Build configuration list for PBXNativeTarget "watch-locations Extension" */;
			buildPhases = (
				779D29AC26DDD2B90077EF53 /* Sources */,
				779D29AD26DDD2B90077EF53 /* Frameworks */,
				779D29AE26DDD2B90077EF53 /* Resources */,
			);
			buildRules = (
			);
			dependencies = (
			);
			name = "watch-locations Extension";
			productName = "watch-locations Extension";
			productReference = 779D29B026DDD2B90077EF53 /* watch-locations Extension.appex */;
			productType = "com.apple.product-type.watchkit2-extension";
		};
/* End PBXNativeTarget section */

/* Begin PBXProject section */
		771FD9B926DA5A2500FB4481 /* Project object */ = {
			isa = PBXProject;
			attributes = {
				LastSwiftUpdateCheck = 1250;
				LastUpgradeCheck = 1250;
				TargetAttributes = {
					3E50924A26DE1FAF00CA2FAA = {
						CreatedOnToolsVersion = 12.5.1;
					};
					771FD9C026DA5A2500FB4481 = {
						CreatedOnToolsVersion = 12.5.1;
					};
					779D29A626DDD2B60077EF53 = {
						CreatedOnToolsVersion = 12.5.1;
					};
					779D29AF26DDD2B90077EF53 = {
						CreatedOnToolsVersion = 12.5.1;
					};
				};
			};
			buildConfigurationList = 771FD9BC26DA5A2500FB4481 /* Build configuration list for PBXProject "locations" */;
			compatibilityVersion = "Xcode 9.3";
			developmentRegion = en;
			hasScannedForEncodings = 0;
			knownRegions = (
				en,
				Base,
			);
			mainGroup = 771FD9B826DA5A2500FB4481;
			productRefGroup = 771FD9C226DA5A2500FB4481 /* Products */;
			projectDirPath = "";
			projectRoot = "";
			targets = (
				771FD9C026DA5A2500FB4481 /* locations */,
				779D29A626DDD2B60077EF53 /* watch-locations */,
				779D29AF26DDD2B90077EF53 /* watch-locations Extension */,
				3E50924A26DE1FAF00CA2FAA /* mac-locations */,
			);
		};
/* End PBXProject section */

/* Begin PBXResourcesBuildPhase section */
		3E50924926DE1FAF00CA2FAA /* Resources */ = {
			isa = PBXResourcesBuildPhase;
			buildActionMask = 2147483647;
			files = (
				3E50925526DE1FB200CA2FAA /* Preview Assets.xcassets in Resources */,
				3E50925226DE1FB200CA2FAA /* Assets.xcassets in Resources */,
			);
			runOnlyForDeploymentPostprocessing = 0;
		};
		771FD9BF26DA5A2500FB4481 /* Resources */ = {
			isa = PBXResourcesBuildPhase;
			buildActionMask = 2147483647;
			files = (
				771E502026DBAFBA000AB3FE /* hikeData.json in Resources */,
				771FD9CC26DA5A2900FB4481 /* Preview Assets.xcassets in Resources */,
				771FD9C926DA5A2900FB4481 /* Assets.xcassets in Resources */,
				771FD9DA26DA82CD00FB4481 /* landmarkData.json in Resources */,
			);
			runOnlyForDeploymentPostprocessing = 0;
		};
		779D29A526DDD2B60077EF53 /* Resources */ = {
			isa = PBXResourcesBuildPhase;
			buildActionMask = 2147483647;
			files = (
				779D29AA26DDD2B80077EF53 /* Assets.xcassets in Resources */,
			);
			runOnlyForDeploymentPostprocessing = 0;
		};
		779D29AE26DDD2B90077EF53 /* Resources */ = {
			isa = PBXResourcesBuildPhase;
			buildActionMask = 2147483647;
			files = (
				779D29DB26DDD5CC0077EF53 /* hikeData.json in Resources */,
				779D29C326DDD2B90077EF53 /* Preview Assets.xcassets in Resources */,
				779D29C026DDD2B90077EF53 /* Assets.xcassets in Resources */,
				779D29DA26DDD5CC0077EF53 /* landmarkData.json in Resources */,
				779D29DC26DDD5CF0077EF53 /* Assets.xcassets in Resources */,
			);
			runOnlyForDeploymentPostprocessing = 0;
		};
/* End PBXResourcesBuildPhase section */

/* Begin PBXSourcesBuildPhase section */
		3E50924726DE1FAF00CA2FAA /* Sources */ = {
			isa = PBXSourcesBuildPhase;
			buildActionMask = 2147483647;
			files = (
				3E50925026DE1FAF00CA2FAA /* ContentView.swift in Sources */,
				3E50924E26DE1FAF00CA2FAA /* mac_locationsApp.swift in Sources */,
			);
			runOnlyForDeploymentPostprocessing = 0;
		};
		771FD9BD26DA5A2500FB4481 /* Sources */ = {
			isa = PBXSourcesBuildPhase;
			buildActionMask = 2147483647;
			files = (
				771E502226DBB01C000AB3FE /* Hike.swift in Sources */,
				771E501526DB4BD1000AB3FE /* HexagonParameters.swift in Sources */,
				771FD9C726DA5A2500FB4481 /* ContentView.swift in Sources */,
				779D29E426DDDA200077EF53 /* View+Extensions.swift in Sources */,
				771FD9D726DA629400FB4481 /* MapView.swift in Sources */,
				771E502926DBB0A3000AB3FE /* HikeGraph.swift in Sources */,
				779D299C26DC94910077EF53 /* ProfileHost.swift in Sources */,
				779D29A026DC958E0077EF53 /* HikeBadge.swift in Sources */,
				771FD9C526DA5A2500FB4481 /* LocationsApp.swift in Sources */,
				771E501026DB3F91000AB3FE /* Helpers.swift in Sources */,
				771FD9E326DA85D900FB4481 /* LandmarkList.swift in Sources */,
				3E50924226DD219000CA2FAA /* FeatureCard.swift in Sources */,
				771FD9E526DA86DD00FB4481 /* LandmarkDetail.swift in Sources */,
				771E501A26DB927C000AB3FE /* BadgeSymbol.swift in Sources */,
				779D299E26DC94C70077EF53 /* ProfileSummary.swift in Sources */,
				779D29A226DC9D270077EF53 /* ProfileEditor.swift in Sources */,
				779D299726DBE5E40077EF53 /* CategoryItem.swift in Sources */,
				771E501C26DB93A5000AB3FE /* RotatedBadgeSymbol.swift in Sources */,
				771E501E26DB944F000AB3FE /* Badge.swift in Sources */,
				779D299526DBD1E20077EF53 /* CategoryRow.swift in Sources */,
				3E50924626DD237B00CA2FAA /* PageView.swift in Sources */,
				3E50924426DD221A00CA2FAA /* TextOverlay.swift in Sources */,
				771FD9D526DA616F00FB4481 /* CircleImage.swift in Sources */,
				771E501726DB882F000AB3FE /* BadgeBackground.swift in Sources */,
				779D299926DC94500077EF53 /* Profile.swift in Sources */,
				3E50924026DD1E3400CA2FAA /* PageViewController.swift in Sources */,
				771FD9DD26DA82F100FB4481 /* Landmark.swift in Sources */,
				771E502826DBB0A3000AB3FE /* GraphCapsule.swift in Sources */,
				779D299326DBCD3F0077EF53 /* CategoryHome.swift in Sources */,
				771E502B26DBB0A3000AB3FE /* HikeView.swift in Sources */,
				771FD9E126DA847000FB4481 /* LandmarkRow.swift in Sources */,
				771E501226DB43E7000AB3FE /* FavoriteButton.swift in Sources */,
				771FD9DF26DA83C300FB4481 /* ModelData.swift in Sources */,
				779D29A426DD58E10077EF53 /* PageControl.swift in Sources */,
				771E502A26DBB0A3000AB3FE /* HikeDetail.swift in Sources */,
			);
			runOnlyForDeploymentPostprocessing = 0;
		};
		779D29AC26DDD2B90077EF53 /* Sources */ = {
			isa = PBXSourcesBuildPhase;
			buildActionMask = 2147483647;
			files = (
				779D29BA26DDD2B90077EF53 /* NotificationController.swift in Sources */,
				779D29DD26DDD66F0077EF53 /* Helpers.swift in Sources */,
				779D29D626DDD5C00077EF53 /* Profile.swift in Sources */,
				779D29D426DDD5A80077EF53 /* CircleImage.swift in Sources */,
				779D29D226DDD5980077EF53 /* LandmarkList.swift in Sources */,
				779D29D926DDD5C00077EF53 /* Hike.swift in Sources */,
				779D29B826DDD2B90077EF53 /* ContentView.swift in Sources */,
				779D29E926DDDC760077EF53 /* LandmarkDetail.swift in Sources */,
				779D29BE26DDD2B90077EF53 /* ComplicationController.swift in Sources */,
				779D29E126DDD6FB0077EF53 /* LandmarkRow.swift in Sources */,
				779D29D326DDD5A00077EF53 /* CategoryRow.swift in Sources */,
				779D29E526DDDA660077EF53 /* View+Extensions.swift in Sources */,
				779D29D726DDD5C00077EF53 /* ModelData.swift in Sources */,
				779D29DF26DDD6830077EF53 /* CategoryItem.swift in Sources */,
				779D29BC26DDD2B90077EF53 /* NotificationView.swift in Sources */,
				779D29D526DDD5B20077EF53 /* MapView.swift in Sources */,
				779D29E026DDD6E30077EF53 /* FavoriteButton.swift in Sources */,
				779D29D126DDD5890077EF53 /* LocationsApp.swift in Sources */,
				779D29D826DDD5C00077EF53 /* Landmark.swift in Sources */,
			);
			runOnlyForDeploymentPostprocessing = 0;
		};
/* End PBXSourcesBuildPhase section */

/* Begin PBXTargetDependency section */
		779D29B326DDD2B90077EF53 /* PBXTargetDependency */ = {
			isa = PBXTargetDependency;
			target = 779D29AF26DDD2B90077EF53 /* watch-locations Extension */;
			targetProxy = 779D29B226DDD2B90077EF53 /* PBXContainerItemProxy */;
		};
		779D29C726DDD2B90077EF53 /* PBXTargetDependency */ = {
			isa = PBXTargetDependency;
			target = 779D29A626DDD2B60077EF53 /* watch-locations */;
			targetProxy = 779D29C626DDD2B90077EF53 /* PBXContainerItemProxy */;
		};
/* End PBXTargetDependency section */

/* Begin XCBuildConfiguration section */
		3E50925826DE1FB200CA2FAA /* Debug */ = {
			isa = XCBuildConfiguration;
			buildSettings = {
				ASSETCATALOG_COMPILER_APPICON_NAME = AppIcon;
				ASSETCATALOG_COMPILER_GLOBAL_ACCENT_COLOR_NAME = AccentColor;
				CODE_SIGN_ENTITLEMENTS = "mac-locations/mac_locations.entitlements";
				CODE_SIGN_STYLE = Automatic;
				COMBINE_HIDPI_IMAGES = YES;
				DEVELOPMENT_ASSET_PATHS = "\"mac-locations/Preview Content\"";
				DEVELOPMENT_TEAM = 2GY7TL5G8Y;
				ENABLE_HARDENED_RUNTIME = YES;
				ENABLE_PREVIEWS = YES;
				INFOPLIST_FILE = "mac-locations/Info.plist";
				LD_RUNPATH_SEARCH_PATHS = (
					"$(inherited)",
					"@executable_path/../Frameworks",
				);
				MACOSX_DEPLOYMENT_TARGET = 11.3;
				PRODUCT_BUNDLE_IDENTIFIER = "ge.sabius.mac-locations";
				PRODUCT_NAME = "$(TARGET_NAME)";
				SDKROOT = macosx;
				SWIFT_VERSION = 5.0;
			};
			name = Debug;
		};
		3E50925926DE1FB200CA2FAA /* Release */ = {
			isa = XCBuildConfiguration;
			buildSettings = {
				ASSETCATALOG_COMPILER_APPICON_NAME = AppIcon;
				ASSETCATALOG_COMPILER_GLOBAL_ACCENT_COLOR_NAME = AccentColor;
				CODE_SIGN_ENTITLEMENTS = "mac-locations/mac_locations.entitlements";
				CODE_SIGN_STYLE = Automatic;
				COMBINE_HIDPI_IMAGES = YES;
				DEVELOPMENT_ASSET_PATHS = "\"mac-locations/Preview Content\"";
				DEVELOPMENT_TEAM = 2GY7TL5G8Y;
				ENABLE_HARDENED_RUNTIME = YES;
				ENABLE_PREVIEWS = YES;
				INFOPLIST_FILE = "mac-locations/Info.plist";
				LD_RUNPATH_SEARCH_PATHS = (
					"$(inherited)",
					"@executable_path/../Frameworks",
				);
				MACOSX_DEPLOYMENT_TARGET = 11.3;
				PRODUCT_BUNDLE_IDENTIFIER = "ge.sabius.mac-locations";
				PRODUCT_NAME = "$(TARGET_NAME)";
				SDKROOT = macosx;
				SWIFT_VERSION = 5.0;
			};
			name = Release;
		};
		771FD9CE26DA5A2900FB4481 /* Debug */ = {
			isa = XCBuildConfiguration;
			buildSettings = {
				ALWAYS_SEARCH_USER_PATHS = NO;
				CLANG_ANALYZER_NONNULL = YES;
				CLANG_ANALYZER_NUMBER_OBJECT_CONVERSION = YES_AGGRESSIVE;
				CLANG_CXX_LANGUAGE_STANDARD = "gnu++14";
				CLANG_CXX_LIBRARY = "libc++";
				CLANG_ENABLE_MODULES = YES;
				CLANG_ENABLE_OBJC_ARC = YES;
				CLANG_ENABLE_OBJC_WEAK = YES;
				CLANG_WARN_BLOCK_CAPTURE_AUTORELEASING = YES;
				CLANG_WARN_BOOL_CONVERSION = YES;
				CLANG_WARN_COMMA = YES;
				CLANG_WARN_CONSTANT_CONVERSION = YES;
				CLANG_WARN_DEPRECATED_OBJC_IMPLEMENTATIONS = YES;
				CLANG_WARN_DIRECT_OBJC_ISA_USAGE = YES_ERROR;
				CLANG_WARN_DOCUMENTATION_COMMENTS = YES;
				CLANG_WARN_EMPTY_BODY = YES;
				CLANG_WARN_ENUM_CONVERSION = YES;
				CLANG_WARN_INFINITE_RECURSION = YES;
				CLANG_WARN_INT_CONVERSION = YES;
				CLANG_WARN_NON_LITERAL_NULL_CONVERSION = YES;
				CLANG_WARN_OBJC_IMPLICIT_RETAIN_SELF = YES;
				CLANG_WARN_OBJC_LITERAL_CONVERSION = YES;
				CLANG_WARN_OBJC_ROOT_CLASS = YES_ERROR;
				CLANG_WARN_QUOTED_INCLUDE_IN_FRAMEWORK_HEADER = YES;
				CLANG_WARN_RANGE_LOOP_ANALYSIS = YES;
				CLANG_WARN_STRICT_PROTOTYPES = YES;
				CLANG_WARN_SUSPICIOUS_MOVE = YES;
				CLANG_WARN_UNGUARDED_AVAILABILITY = YES_AGGRESSIVE;
				CLANG_WARN_UNREACHABLE_CODE = YES;
				CLANG_WARN__DUPLICATE_METHOD_MATCH = YES;
				COPY_PHASE_STRIP = NO;
				DEBUG_INFORMATION_FORMAT = dwarf;
				ENABLE_STRICT_OBJC_MSGSEND = YES;
				ENABLE_TESTABILITY = YES;
				GCC_C_LANGUAGE_STANDARD = gnu11;
				GCC_DYNAMIC_NO_PIC = NO;
				GCC_NO_COMMON_BLOCKS = YES;
				GCC_OPTIMIZATION_LEVEL = 0;
				GCC_PREPROCESSOR_DEFINITIONS = (
					"DEBUG=1",
					"$(inherited)",
				);
				GCC_WARN_64_TO_32_BIT_CONVERSION = YES;
				GCC_WARN_ABOUT_RETURN_TYPE = YES_ERROR;
				GCC_WARN_UNDECLARED_SELECTOR = YES;
				GCC_WARN_UNINITIALIZED_AUTOS = YES_AGGRESSIVE;
				GCC_WARN_UNUSED_FUNCTION = YES;
				GCC_WARN_UNUSED_VARIABLE = YES;
				IPHONEOS_DEPLOYMENT_TARGET = 14.5;
				MTL_ENABLE_DEBUG_INFO = INCLUDE_SOURCE;
				MTL_FAST_MATH = YES;
				ONLY_ACTIVE_ARCH = YES;
				SDKROOT = iphoneos;
				SWIFT_ACTIVE_COMPILATION_CONDITIONS = DEBUG;
				SWIFT_OPTIMIZATION_LEVEL = "-Onone";
			};
			name = Debug;
		};
		771FD9CF26DA5A2900FB4481 /* Release */ = {
			isa = XCBuildConfiguration;
			buildSettings = {
				ALWAYS_SEARCH_USER_PATHS = NO;
				CLANG_ANALYZER_NONNULL = YES;
				CLANG_ANALYZER_NUMBER_OBJECT_CONVERSION = YES_AGGRESSIVE;
				CLANG_CXX_LANGUAGE_STANDARD = "gnu++14";
				CLANG_CXX_LIBRARY = "libc++";
				CLANG_ENABLE_MODULES = YES;
				CLANG_ENABLE_OBJC_ARC = YES;
				CLANG_ENABLE_OBJC_WEAK = YES;
				CLANG_WARN_BLOCK_CAPTURE_AUTORELEASING = YES;
				CLANG_WARN_BOOL_CONVERSION = YES;
				CLANG_WARN_COMMA = YES;
				CLANG_WARN_CONSTANT_CONVERSION = YES;
				CLANG_WARN_DEPRECATED_OBJC_IMPLEMENTATIONS = YES;
				CLANG_WARN_DIRECT_OBJC_ISA_USAGE = YES_ERROR;
				CLANG_WARN_DOCUMENTATION_COMMENTS = YES;
				CLANG_WARN_EMPTY_BODY = YES;
				CLANG_WARN_ENUM_CONVERSION = YES;
				CLANG_WARN_INFINITE_RECURSION = YES;
				CLANG_WARN_INT_CONVERSION = YES;
				CLANG_WARN_NON_LITERAL_NULL_CONVERSION = YES;
				CLANG_WARN_OBJC_IMPLICIT_RETAIN_SELF = YES;
				CLANG_WARN_OBJC_LITERAL_CONVERSION = YES;
				CLANG_WARN_OBJC_ROOT_CLASS = YES_ERROR;
				CLANG_WARN_QUOTED_INCLUDE_IN_FRAMEWORK_HEADER = YES;
				CLANG_WARN_RANGE_LOOP_ANALYSIS = YES;
				CLANG_WARN_STRICT_PROTOTYPES = YES;
				CLANG_WARN_SUSPICIOUS_MOVE = YES;
				CLANG_WARN_UNGUARDED_AVAILABILITY = YES_AGGRESSIVE;
				CLANG_WARN_UNREACHABLE_CODE = YES;
				CLANG_WARN__DUPLICATE_METHOD_MATCH = YES;
				COPY_PHASE_STRIP = NO;
				DEBUG_INFORMATION_FORMAT = "dwarf-with-dsym";
				ENABLE_NS_ASSERTIONS = NO;
				ENABLE_STRICT_OBJC_MSGSEND = YES;
				GCC_C_LANGUAGE_STANDARD = gnu11;
				GCC_NO_COMMON_BLOCKS = YES;
				GCC_WARN_64_TO_32_BIT_CONVERSION = YES;
				GCC_WARN_ABOUT_RETURN_TYPE = YES_ERROR;
				GCC_WARN_UNDECLARED_SELECTOR = YES;
				GCC_WARN_UNINITIALIZED_AUTOS = YES_AGGRESSIVE;
				GCC_WARN_UNUSED_FUNCTION = YES;
				GCC_WARN_UNUSED_VARIABLE = YES;
				IPHONEOS_DEPLOYMENT_TARGET = 14.5;
				MTL_ENABLE_DEBUG_INFO = NO;
				MTL_FAST_MATH = YES;
				SDKROOT = iphoneos;
				SWIFT_COMPILATION_MODE = wholemodule;
				SWIFT_OPTIMIZATION_LEVEL = "-O";
				VALIDATE_PRODUCT = YES;
			};
			name = Release;
		};
		771FD9D126DA5A2900FB4481 /* Debug */ = {
			isa = XCBuildConfiguration;
			buildSettings = {
				ASSETCATALOG_COMPILER_APPICON_NAME = AppIcon;
				ASSETCATALOG_COMPILER_GLOBAL_ACCENT_COLOR_NAME = AccentColor;
				CODE_SIGN_STYLE = Automatic;
				DEVELOPMENT_ASSET_PATHS = "\"locations/Preview Content\"";
				DEVELOPMENT_TEAM = 2GY7TL5G8Y;
				ENABLE_PREVIEWS = YES;
				INFOPLIST_FILE = locations/Info.plist;
				IPHONEOS_DEPLOYMENT_TARGET = 14.0;
				LD_RUNPATH_SEARCH_PATHS = (
					"$(inherited)",
					"@executable_path/Frameworks",
				);
				PRODUCT_BUNDLE_IDENTIFIER = com.sabius.locations;
				PRODUCT_NAME = "$(TARGET_NAME)";
				SWIFT_VERSION = 5.0;
				TARGETED_DEVICE_FAMILY = "1,2";
			};
			name = Debug;
		};
		771FD9D226DA5A2900FB4481 /* Release */ = {
			isa = XCBuildConfiguration;
			buildSettings = {
				ASSETCATALOG_COMPILER_APPICON_NAME = AppIcon;
				ASSETCATALOG_COMPILER_GLOBAL_ACCENT_COLOR_NAME = AccentColor;
				CODE_SIGN_STYLE = Automatic;
				DEVELOPMENT_ASSET_PATHS = "\"locations/Preview Content\"";
				DEVELOPMENT_TEAM = 2GY7TL5G8Y;
				ENABLE_PREVIEWS = YES;
				INFOPLIST_FILE = locations/Info.plist;
				IPHONEOS_DEPLOYMENT_TARGET = 14.0;
				LD_RUNPATH_SEARCH_PATHS = (
					"$(inherited)",
					"@executable_path/Frameworks",
				);
				PRODUCT_BUNDLE_IDENTIFIER = com.sabius.locations;
				PRODUCT_NAME = "$(TARGET_NAME)";
				SWIFT_VERSION = 5.0;
				TARGETED_DEVICE_FAMILY = "1,2";
			};
			name = Release;
		};
		779D29CA26DDD2B90077EF53 /* Debug */ = {
			isa = XCBuildConfiguration;
			buildSettings = {
				ALWAYS_EMBED_SWIFT_STANDARD_LIBRARIES = YES;
				ASSETCATALOG_COMPILER_APPICON_NAME = AppIcon;
				ASSETCATALOG_COMPILER_GLOBAL_ACCENT_COLOR_NAME = AccentColor;
				CODE_SIGN_STYLE = Automatic;
				DEVELOPMENT_TEAM = 2GY7TL5G8Y;
				IBSC_MODULE = watch_locations_Extension;
				INFOPLIST_FILE = "watch-locations/Info.plist";
				PRODUCT_BUNDLE_IDENTIFIER = com.sabius.locations.watchkitapp;
				PRODUCT_NAME = "$(TARGET_NAME)";
				SDKROOT = watchos;
				SKIP_INSTALL = YES;
				SWIFT_VERSION = 5.0;
				TARGETED_DEVICE_FAMILY = 4;
				WATCHOS_DEPLOYMENT_TARGET = 7.4;
			};
			name = Debug;
		};
		779D29CB26DDD2B90077EF53 /* Release */ = {
			isa = XCBuildConfiguration;
			buildSettings = {
				ALWAYS_EMBED_SWIFT_STANDARD_LIBRARIES = YES;
				ASSETCATALOG_COMPILER_APPICON_NAME = AppIcon;
				ASSETCATALOG_COMPILER_GLOBAL_ACCENT_COLOR_NAME = AccentColor;
				CODE_SIGN_STYLE = Automatic;
				DEVELOPMENT_TEAM = 2GY7TL5G8Y;
				IBSC_MODULE = watch_locations_Extension;
				INFOPLIST_FILE = "watch-locations/Info.plist";
				PRODUCT_BUNDLE_IDENTIFIER = com.sabius.locations.watchkitapp;
				PRODUCT_NAME = "$(TARGET_NAME)";
				SDKROOT = watchos;
				SKIP_INSTALL = YES;
				SWIFT_VERSION = 5.0;
				TARGETED_DEVICE_FAMILY = 4;
				WATCHOS_DEPLOYMENT_TARGET = 7.4;
			};
			name = Release;
		};
		779D29CD26DDD2B90077EF53 /* Debug */ = {
			isa = XCBuildConfiguration;
			buildSettings = {
				ASSETCATALOG_COMPILER_COMPLICATION_NAME = Complication;
				CODE_SIGN_STYLE = Automatic;
				DEVELOPMENT_ASSET_PATHS = "\"watch-locations Extension/Preview Content\"";
				DEVELOPMENT_TEAM = 2GY7TL5G8Y;
				ENABLE_PREVIEWS = YES;
				INFOPLIST_FILE = "watch-locations Extension/Info.plist";
				LD_RUNPATH_SEARCH_PATHS = (
					"$(inherited)",
					"@executable_path/Frameworks",
					"@executable_path/../../Frameworks",
				);
				PRODUCT_BUNDLE_IDENTIFIER = com.sabius.locations.watchkitapp.watchkitextension;
				PRODUCT_NAME = "${TARGET_NAME}";
				SDKROOT = watchos;
				SKIP_INSTALL = YES;
				SWIFT_VERSION = 5.0;
				TARGETED_DEVICE_FAMILY = 4;
				WATCHOS_DEPLOYMENT_TARGET = 7.4;
			};
			name = Debug;
		};
		779D29CE26DDD2B90077EF53 /* Release */ = {
			isa = XCBuildConfiguration;
			buildSettings = {
				ASSETCATALOG_COMPILER_COMPLICATION_NAME = Complication;
				CODE_SIGN_STYLE = Automatic;
				DEVELOPMENT_ASSET_PATHS = "\"watch-locations Extension/Preview Content\"";
				DEVELOPMENT_TEAM = 2GY7TL5G8Y;
				ENABLE_PREVIEWS = YES;
				INFOPLIST_FILE = "watch-locations Extension/Info.plist";
				LD_RUNPATH_SEARCH_PATHS = (
					"$(inherited)",
					"@executable_path/Frameworks",
					"@executable_path/../../Frameworks",
				);
				PRODUCT_BUNDLE_IDENTIFIER = com.sabius.locations.watchkitapp.watchkitextension;
				PRODUCT_NAME = "${TARGET_NAME}";
				SDKROOT = watchos;
				SKIP_INSTALL = YES;
				SWIFT_VERSION = 5.0;
				TARGETED_DEVICE_FAMILY = 4;
				WATCHOS_DEPLOYMENT_TARGET = 7.4;
			};
			name = Release;
		};
/* End XCBuildConfiguration section */

/* Begin XCConfigurationList section */
		3E50925A26DE1FB200CA2FAA /* Build configuration list for PBXNativeTarget "mac-locations" */ = {
			isa = XCConfigurationList;
			buildConfigurations = (
				3E50925826DE1FB200CA2FAA /* Debug */,
				3E50925926DE1FB200CA2FAA /* Release */,
			);
			defaultConfigurationIsVisible = 0;
			defaultConfigurationName = Release;
		};
		771FD9BC26DA5A2500FB4481 /* Build configuration list for PBXProject "locations" */ = {
			isa = XCConfigurationList;
			buildConfigurations = (
				771FD9CE26DA5A2900FB4481 /* Debug */,
				771FD9CF26DA5A2900FB4481 /* Release */,
			);
			defaultConfigurationIsVisible = 0;
			defaultConfigurationName = Release;
		};
		771FD9D026DA5A2900FB4481 /* Build configuration list for PBXNativeTarget "locations" */ = {
			isa = XCConfigurationList;
			buildConfigurations = (
				771FD9D126DA5A2900FB4481 /* Debug */,
				771FD9D226DA5A2900FB4481 /* Release */,
			);
			defaultConfigurationIsVisible = 0;
			defaultConfigurationName = Release;
		};
		779D29CF26DDD2B90077EF53 /* Build configuration list for PBXNativeTarget "watch-locations Extension" */ = {
			isa = XCConfigurationList;
			buildConfigurations = (
				779D29CD26DDD2B90077EF53 /* Debug */,
				779D29CE26DDD2B90077EF53 /* Release */,
			);
			defaultConfigurationIsVisible = 0;
			defaultConfigurationName = Release;
		};
		779D29D026DDD2B90077EF53 /* Build configuration list for PBXNativeTarget "watch-locations" */ = {
			isa = XCConfigurationList;
			buildConfigurations = (
				779D29CA26DDD2B90077EF53 /* Debug */,
				779D29CB26DDD2B90077EF53 /* Release */,
			);
			defaultConfigurationIsVisible = 0;
			defaultConfigurationName = Release;
		};
/* End XCConfigurationList section */
	};
	rootObject = 771FD9B926DA5A2500FB4481 /* Project object */;
}
