// !$*UTF8*$!
{
	archiveVersion = 1;
	classes = {
	};
	objectVersion = 50;
	objects = {

/* Begin PBXBuildFile section */
		771E501026DB3F91000AB3FE /* Helpers.swift in Sources */ = {isa = PBXBuildFile; fileRef = 771E500F26DB3F91000AB3FE /* Helpers.swift */; };
		771E501226DB43E7000AB3FE /* FavoriteButton.swift in Sources */ = {isa = PBXBuildFile; fileRef = 771E501126DB43E7000AB3FE /* FavoriteButton.swift */; };
		771E501526DB4BD1000AB3FE /* HexagonParameters.swift in Sources */ = {isa = PBXBuildFile; fileRef = 771E501426DB4BD1000AB3FE /* HexagonParameters.swift */; };
		771E501726DB882F000AB3FE /* BadgeBackground.swift in Sources */ = {isa = PBXBuildFile; fileRef = 771E501626DB882F000AB3FE /* BadgeBackground.swift */; };
		771E501A26DB927C000AB3FE /* BadgeSymbol.swift in Sources */ = {isa = PBXBuildFile; fileRef = 771E501926DB927C000AB3FE /* BadgeSymbol.swift */; };
		771E501C26DB93A5000AB3FE /* RotatedBadgeSymbol.swift in Sources */ = {isa = PBXBuildFile; fileRef = 771E501B26DB93A5000AB3FE /* RotatedBadgeSymbol.swift */; };
		771E501E26DB944F000AB3FE /* Badge.swift in Sources */ = {isa = PBXBuildFile; fileRef = 771E501D26DB944F000AB3FE /* Badge.swift */; };
		771E502026DBAFBA000AB3FE /* hikeData.json in Resources */ = {isa = PBXBuildFile; fileRef = 771E501F26DBAFBA000AB3FE /* hikeData.json */; };
		771E502226DBB01C000AB3FE /* Hike.swift in Sources */ = {isa = PBXBuildFile; fileRef = 771E502126DBB01C000AB3FE /* Hike.swift */; };
		771E502826DBB0A3000AB3FE /* GraphCapsule.swift in Sources */ = {isa = PBXBuildFile; fileRef = 771E502426DBB0A3000AB3FE /* GraphCapsule.swift */; };
		771E502926DBB0A3000AB3FE /* HikeGraph.swift in Sources */ = {isa = PBXBuildFile; fileRef = 771E502526DBB0A3000AB3FE /* HikeGraph.swift */; };
		771E502A26DBB0A3000AB3FE /* HikeDetail.swift in Sources */ = {isa = PBXBuildFile; fileRef = 771E502626DBB0A3000AB3FE /* HikeDetail.swift */; };
		771E502B26DBB0A3000AB3FE /* HikeView.swift in Sources */ = {isa = PBXBuildFile; fileRef = 771E502726DBB0A3000AB3FE /* HikeView.swift */; };
		771FD9C526DA5A2500FB4481 /* LocationsApp.swift in Sources */ = {isa = PBXBuildFile; fileRef = 771FD9C426DA5A2500FB4481 /* LocationsApp.swift */; };
		771FD9C726DA5A2500FB4481 /* ContentView.swift in Sources */ = {isa = PBXBuildFile; fileRef = 771FD9C626DA5A2500FB4481 /* ContentView.swift */; };
		771FD9C926DA5A2900FB4481 /* Assets.xcassets in Resources */ = {isa = PBXBuildFile; fileRef = 771FD9C826DA5A2900FB4481 /* Assets.xcassets */; };
		771FD9CC26DA5A2900FB4481 /* Preview Assets.xcassets in Resources */ = {isa = PBXBuildFile; fileRef = 771FD9CB26DA5A2900FB4481 /* Preview Assets.xcassets */; };
		771FD9D526DA616F00FB4481 /* CircleImage.swift in Sources */ = {isa = PBXBuildFile; fileRef = 771FD9D426DA616F00FB4481 /* CircleImage.swift */; };
		771FD9D726DA629400FB4481 /* MapView.swift in Sources */ = {isa = PBXBuildFile; fileRef = 771FD9D626DA629400FB4481 /* MapView.swift */; };
		771FD9DA26DA82CD00FB4481 /* landmarkData.json in Resources */ = {isa = PBXBuildFile; fileRef = 771FD9D926DA82CD00FB4481 /* landmarkData.json */; };
		771FD9DD26DA82F100FB4481 /* Landmark.swift in Sources */ = {isa = PBXBuildFile; fileRef = 771FD9DC26DA82F100FB4481 /* Landmark.swift */; };
		771FD9DF26DA83C300FB4481 /* ModelData.swift in Sources */ = {isa = PBXBuildFile; fileRef = 771FD9DE26DA83C300FB4481 /* ModelData.swift */; };
		771FD9E126DA847000FB4481 /* LandmarkRow.swift in Sources */ = {isa = PBXBuildFile; fileRef = 771FD9E026DA847000FB4481 /* LandmarkRow.swift */; };
		771FD9E326DA85D900FB4481 /* LandmarkList.swift in Sources */ = {isa = PBXBuildFile; fileRef = 771FD9E226DA85D900FB4481 /* LandmarkList.swift */; };
		771FD9E526DA86DD00FB4481 /* LandmarkDetail.swift in Sources */ = {isa = PBXBuildFile; fileRef = 771FD9E426DA86DD00FB4481 /* LandmarkDetail.swift */; };
/* End PBXBuildFile section */

/* Begin PBXFileReference section */
		771E500F26DB3F91000AB3FE /* Helpers.swift */ = {isa = PBXFileReference; lastKnownFileType = sourcecode.swift; path = Helpers.swift; sourceTree = "<group>"; };
		771E501126DB43E7000AB3FE /* FavoriteButton.swift */ = {isa = PBXFileReference; lastKnownFileType = sourcecode.swift; path = FavoriteButton.swift; sourceTree = "<group>"; };
		771E501426DB4BD1000AB3FE /* HexagonParameters.swift */ = {isa = PBXFileReference; lastKnownFileType = sourcecode.swift; path = HexagonParameters.swift; sourceTree = "<group>"; };
		771E501626DB882F000AB3FE /* BadgeBackground.swift */ = {isa = PBXFileReference; lastKnownFileType = sourcecode.swift; path = BadgeBackground.swift; sourceTree = "<group>"; };
		771E501926DB927C000AB3FE /* BadgeSymbol.swift */ = {isa = PBXFileReference; lastKnownFileType = sourcecode.swift; path = BadgeSymbol.swift; sourceTree = "<group>"; };
		771E501B26DB93A5000AB3FE /* RotatedBadgeSymbol.swift */ = {isa = PBXFileReference; lastKnownFileType = sourcecode.swift; path = RotatedBadgeSymbol.swift; sourceTree = "<group>"; };
		771E501D26DB944F000AB3FE /* Badge.swift */ = {isa = PBXFileReference; lastKnownFileType = sourcecode.swift; path = Badge.swift; sourceTree = "<group>"; };
		771E501F26DBAFBA000AB3FE /* hikeData.json */ = {isa = PBXFileReference; fileEncoding = 4; lastKnownFileType = text.json; path = hikeData.json; sourceTree = "<group>"; };
		771E502126DBB01C000AB3FE /* Hike.swift */ = {isa = PBXFileReference; lastKnownFileType = sourcecode.swift; path = Hike.swift; sourceTree = "<group>"; };
		771E502426DBB0A3000AB3FE /* GraphCapsule.swift */ = {isa = PBXFileReference; fileEncoding = 4; lastKnownFileType = sourcecode.swift; path = GraphCapsule.swift; sourceTree = "<group>"; };
		771E502526DBB0A3000AB3FE /* HikeGraph.swift */ = {isa = PBXFileReference; fileEncoding = 4; lastKnownFileType = sourcecode.swift; path = HikeGraph.swift; sourceTree = "<group>"; };
		771E502626DBB0A3000AB3FE /* HikeDetail.swift */ = {isa = PBXFileReference; fileEncoding = 4; lastKnownFileType = sourcecode.swift; path = HikeDetail.swift; sourceTree = "<group>"; };
		771E502726DBB0A3000AB3FE /* HikeView.swift */ = {isa = PBXFileReference; fileEncoding = 4; lastKnownFileType = sourcecode.swift; path = HikeView.swift; sourceTree = "<group>"; };
		771FD9C126DA5A2500FB4481 /* locations.app */ = {isa = PBXFileReference; explicitFileType = wrapper.application; includeInIndex = 0; path = locations.app; sourceTree = BUILT_PRODUCTS_DIR; };
		771FD9C426DA5A2500FB4481 /* LocationsApp.swift */ = {isa = PBXFileReference; lastKnownFileType = sourcecode.swift; path = LocationsApp.swift; sourceTree = "<group>"; };
		771FD9C626DA5A2500FB4481 /* ContentView.swift */ = {isa = PBXFileReference; lastKnownFileType = sourcecode.swift; path = ContentView.swift; sourceTree = "<group>"; };
		771FD9C826DA5A2900FB4481 /* Assets.xcassets */ = {isa = PBXFileReference; lastKnownFileType = folder.assetcatalog; path = Assets.xcassets; sourceTree = "<group>"; };
		771FD9CB26DA5A2900FB4481 /* Preview Assets.xcassets */ = {isa = PBXFileReference; lastKnownFileType = folder.assetcatalog; path = "Preview Assets.xcassets"; sourceTree = "<group>"; };
		771FD9CD26DA5A2900FB4481 /* Info.plist */ = {isa = PBXFileReference; lastKnownFileType = text.plist.xml; path = Info.plist; sourceTree = "<group>"; };
		771FD9D426DA616F00FB4481 /* CircleImage.swift */ = {isa = PBXFileReference; lastKnownFileType = sourcecode.swift; path = CircleImage.swift; sourceTree = "<group>"; };
		771FD9D626DA629400FB4481 /* MapView.swift */ = {isa = PBXFileReference; lastKnownFileType = sourcecode.swift; path = MapView.swift; sourceTree = "<group>"; };
		771FD9D926DA82CD00FB4481 /* landmarkData.json */ = {isa = PBXFileReference; fileEncoding = 4; lastKnownFileType = text.json; path = landmarkData.json; sourceTree = "<group>"; };
		771FD9DC26DA82F100FB4481 /* Landmark.swift */ = {isa = PBXFileReference; lastKnownFileType = sourcecode.swift; path = Landmark.swift; sourceTree = "<group>"; };
		771FD9DE26DA83C300FB4481 /* ModelData.swift */ = {isa = PBXFileReference; lastKnownFileType = sourcecode.swift; path = ModelData.swift; sourceTree = "<group>"; };
		771FD9E026DA847000FB4481 /* LandmarkRow.swift */ = {isa = PBXFileReference; lastKnownFileType = sourcecode.swift; path = LandmarkRow.swift; sourceTree = "<group>"; };
		771FD9E226DA85D900FB4481 /* LandmarkList.swift */ = {isa = PBXFileReference; lastKnownFileType = sourcecode.swift; path = LandmarkList.swift; sourceTree = "<group>"; };
		771FD9E426DA86DD00FB4481 /* LandmarkDetail.swift */ = {isa = PBXFileReference; lastKnownFileType = sourcecode.swift; path = LandmarkDetail.swift; sourceTree = "<group>"; };
/* End PBXFileReference section */

/* Begin PBXFrameworksBuildPhase section */
		771FD9BE26DA5A2500FB4481 /* Frameworks */ = {
			isa = PBXFrameworksBuildPhase;
			buildActionMask = 2147483647;
			files = (
			);
			runOnlyForDeploymentPostprocessing = 0;
		};
/* End PBXFrameworksBuildPhase section */

/* Begin PBXGroup section */
		771E500E26DB3F79000AB3FE /* Helpers */ = {
			isa = PBXGroup;
			children = (
				771E500F26DB3F91000AB3FE /* Helpers.swift */,
			);
			path = Helpers;
			sourceTree = "<group>";
		};
		771E501326DB44C9000AB3FE /* Components */ = {
			isa = PBXGroup;
			children = (
				771E501826DB8D62000AB3FE /* Badge */,
				771E502326DBB0A3000AB3FE /* Hikes */,
				771FD9D426DA616F00FB4481 /* CircleImage.swift */,
				771FD9D626DA629400FB4481 /* MapView.swift */,
				771E501126DB43E7000AB3FE /* FavoriteButton.swift */,
			);
			path = Components;
			sourceTree = "<group>";
		};
		771E501826DB8D62000AB3FE /* Badge */ = {
			isa = PBXGroup;
			children = (
				771E501426DB4BD1000AB3FE /* HexagonParameters.swift */,
				771E501626DB882F000AB3FE /* BadgeBackground.swift */,
				771E501926DB927C000AB3FE /* BadgeSymbol.swift */,
				771E501B26DB93A5000AB3FE /* RotatedBadgeSymbol.swift */,
				771E501D26DB944F000AB3FE /* Badge.swift */,
			);
			path = Badge;
			sourceTree = "<group>";
		};
		771E502326DBB0A3000AB3FE /* Hikes */ = {
			isa = PBXGroup;
			children = (
				771E502426DBB0A3000AB3FE /* GraphCapsule.swift */,
				771E502526DBB0A3000AB3FE /* HikeGraph.swift */,
				771E502626DBB0A3000AB3FE /* HikeDetail.swift */,
				771E502726DBB0A3000AB3FE /* HikeView.swift */,
			);
			path = Hikes;
			sourceTree = "<group>";
		};
		771FD9B826DA5A2500FB4481 = {
			isa = PBXGroup;
			children = (
				771FD9C326DA5A2500FB4481 /* locations */,
				771FD9C226DA5A2500FB4481 /* Products */,
			);
			sourceTree = "<group>";
		};
		771FD9C226DA5A2500FB4481 /* Products */ = {
			isa = PBXGroup;
			children = (
				771FD9C126DA5A2500FB4481 /* locations.app */,
			);
			name = Products;
			sourceTree = "<group>";
		};
		771FD9C326DA5A2500FB4481 /* locations */ = {
			isa = PBXGroup;
			children = (
				771FD9C426DA5A2500FB4481 /* LocationsApp.swift */,
				771FD9C626DA5A2500FB4481 /* ContentView.swift */,
				771FD9E226DA85D900FB4481 /* LandmarkList.swift */,
				771FD9E426DA86DD00FB4481 /* LandmarkDetail.swift */,
				771FD9D326DA614B00FB4481 /* Views */,
				771FD9DB26DA82E200FB4481 /* Models */,
				771FD9D826DA828400FB4481 /* Resourses */,
				771E500E26DB3F79000AB3FE /* Helpers */,
				771FD9C826DA5A2900FB4481 /* Assets.xcassets */,
				771FD9CD26DA5A2900FB4481 /* Info.plist */,
				771FD9CA26DA5A2900FB4481 /* Preview Content */,
			);
			path = locations;
			sourceTree = "<group>";
		};
		771FD9CA26DA5A2900FB4481 /* Preview Content */ = {
			isa = PBXGroup;
			children = (
				771FD9CB26DA5A2900FB4481 /* Preview Assets.xcassets */,
			);
			path = "Preview Content";
			sourceTree = "<group>";
		};
		771FD9D326DA614B00FB4481 /* Views */ = {
			isa = PBXGroup;
			children = (
				771E501326DB44C9000AB3FE /* Components */,
				771FD9E026DA847000FB4481 /* LandmarkRow.swift */,
			);
			path = Views;
			sourceTree = "<group>";
		};
		771FD9D826DA828400FB4481 /* Resourses */ = {
			isa = PBXGroup;
			children = (
				771FD9D926DA82CD00FB4481 /* landmarkData.json */,
				771E501F26DBAFBA000AB3FE /* hikeData.json */,
			);
			path = Resourses;
			sourceTree = "<group>";
		};
		771FD9DB26DA82E200FB4481 /* Models */ = {
			isa = PBXGroup;
			children = (
				771FD9DC26DA82F100FB4481 /* Landmark.swift */,
				771FD9DE26DA83C300FB4481 /* ModelData.swift */,
				771E502126DBB01C000AB3FE /* Hike.swift */,
			);
			path = Models;
			sourceTree = "<group>";
		};
/* End PBXGroup section */

/* Begin PBXNativeTarget section */
		771FD9C026DA5A2500FB4481 /* locations */ = {
			isa = PBXNativeTarget;
			buildConfigurationList = 771FD9D026DA5A2900FB4481 /* Build configuration list for PBXNativeTarget "locations" */;
			buildPhases = (
				771FD9BD26DA5A2500FB4481 /* Sources */,
				771FD9BE26DA5A2500FB4481 /* Frameworks */,
				771FD9BF26DA5A2500FB4481 /* Resources */,
			);
			buildRules = (
			);
			dependencies = (
			);
			name = locations;
			productName = locations;
			productReference = 771FD9C126DA5A2500FB4481 /* locations.app */;
			productType = "com.apple.product-type.application";
		};
/* End PBXNativeTarget section */

/* Begin PBXProject section */
		771FD9B926DA5A2500FB4481 /* Project object */ = {
			isa = PBXProject;
			attributes = {
				LastSwiftUpdateCheck = 1250;
				LastUpgradeCheck = 1250;
				TargetAttributes = {
					771FD9C026DA5A2500FB4481 = {
						CreatedOnToolsVersion = 12.5.1;
					};
				};
			};
			buildConfigurationList = 771FD9BC26DA5A2500FB4481 /* Build configuration list for PBXProject "locations" */;
			compatibilityVersion = "Xcode 9.3";
			developmentRegion = en;
			hasScannedForEncodings = 0;
			knownRegions = (
				en,
				Base,
			);
			mainGroup = 771FD9B826DA5A2500FB4481;
			productRefGroup = 771FD9C226DA5A2500FB4481 /* Products */;
			projectDirPath = "";
			projectRoot = "";
			targets = (
				771FD9C026DA5A2500FB4481 /* locations */,
			);
		};
/* End PBXProject section */

/* Begin PBXResourcesBuildPhase section */
		771FD9BF26DA5A2500FB4481 /* Resources */ = {
			isa = PBXResourcesBuildPhase;
			buildActionMask = 2147483647;
			files = (
				771E502026DBAFBA000AB3FE /* hikeData.json in Resources */,
				771FD9CC26DA5A2900FB4481 /* Preview Assets.xcassets in Resources */,
				771FD9C926DA5A2900FB4481 /* Assets.xcassets in Resources */,
				771FD9DA26DA82CD00FB4481 /* landmarkData.json in Resources */,
			);
			runOnlyForDeploymentPostprocessing = 0;
		};
/* End PBXResourcesBuildPhase section */

/* Begin PBXSourcesBuildPhase section */
		771FD9BD26DA5A2500FB4481 /* Sources */ = {
			isa = PBXSourcesBuildPhase;
			buildActionMask = 2147483647;
			files = (
				771E502226DBB01C000AB3FE /* Hike.swift in Sources */,
				771E501526DB4BD1000AB3FE /* HexagonParameters.swift in Sources */,
				771FD9C726DA5A2500FB4481 /* ContentView.swift in Sources */,
				771FD9D726DA629400FB4481 /* MapView.swift in Sources */,
				771E502926DBB0A3000AB3FE /* HikeGraph.swift in Sources */,
				771FD9C526DA5A2500FB4481 /* LocationsApp.swift in Sources */,
				771E501026DB3F91000AB3FE /* Helpers.swift in Sources */,
				771FD9E326DA85D900FB4481 /* LandmarkList.swift in Sources */,
				771FD9E526DA86DD00FB4481 /* LandmarkDetail.swift in Sources */,
				771E501A26DB927C000AB3FE /* BadgeSymbol.swift in Sources */,
				771E501C26DB93A5000AB3FE /* RotatedBadgeSymbol.swift in Sources */,
				771E501E26DB944F000AB3FE /* Badge.swift in Sources */,
				771FD9D526DA616F00FB4481 /* CircleImage.swift in Sources */,
				771E501726DB882F000AB3FE /* BadgeBackground.swift in Sources */,
				771FD9DD26DA82F100FB4481 /* Landmark.swift in Sources */,
				771E502826DBB0A3000AB3FE /* GraphCapsule.swift in Sources */,
				771E502B26DBB0A3000AB3FE /* HikeView.swift in Sources */,
				771FD9E126DA847000FB4481 /* LandmarkRow.swift in Sources */,
				771E501226DB43E7000AB3FE /* FavoriteButton.swift in Sources */,
				771FD9DF26DA83C300FB4481 /* ModelData.swift in Sources */,
				771E502A26DBB0A3000AB3FE /* HikeDetail.swift in Sources */,
			);
			runOnlyForDeploymentPostprocessing = 0;
		};
/* End PBXSourcesBuildPhase section */

/* Begin XCBuildConfiguration section */
		771FD9CE26DA5A2900FB4481 /* Debug */ = {
			isa = XCBuildConfiguration;
			buildSettings = {
				ALWAYS_SEARCH_USER_PATHS = NO;
				CLANG_ANALYZER_NONNULL = YES;
				CLANG_ANALYZER_NUMBER_OBJECT_CONVERSION = YES_AGGRESSIVE;
				CLANG_CXX_LANGUAGE_STANDARD = "gnu++14";
				CLANG_CXX_LIBRARY = "libc++";
				CLANG_ENABLE_MODULES = YES;
				CLANG_ENABLE_OBJC_ARC = YES;
				CLANG_ENABLE_OBJC_WEAK = YES;
				CLANG_WARN_BLOCK_CAPTURE_AUTORELEASING = YES;
				CLANG_WARN_BOOL_CONVERSION = YES;
				CLANG_WARN_COMMA = YES;
				CLANG_WARN_CONSTANT_CONVERSION = YES;
				CLANG_WARN_DEPRECATED_OBJC_IMPLEMENTATIONS = YES;
				CLANG_WARN_DIRECT_OBJC_ISA_USAGE = YES_ERROR;
				CLANG_WARN_DOCUMENTATION_COMMENTS = YES;
				CLANG_WARN_EMPTY_BODY = YES;
				CLANG_WARN_ENUM_CONVERSION = YES;
				CLANG_WARN_INFINITE_RECURSION = YES;
				CLANG_WARN_INT_CONVERSION = YES;
				CLANG_WARN_NON_LITERAL_NULL_CONVERSION = YES;
				CLANG_WARN_OBJC_IMPLICIT_RETAIN_SELF = YES;
				CLANG_WARN_OBJC_LITERAL_CONVERSION = YES;
				CLANG_WARN_OBJC_ROOT_CLASS = YES_ERROR;
				CLANG_WARN_QUOTED_INCLUDE_IN_FRAMEWORK_HEADER = YES;
				CLANG_WARN_RANGE_LOOP_ANALYSIS = YES;
				CLANG_WARN_STRICT_PROTOTYPES = YES;
				CLANG_WARN_SUSPICIOUS_MOVE = YES;
				CLANG_WARN_UNGUARDED_AVAILABILITY = YES_AGGRESSIVE;
				CLANG_WARN_UNREACHABLE_CODE = YES;
				CLANG_WARN__DUPLICATE_METHOD_MATCH = YES;
				COPY_PHASE_STRIP = NO;
				DEBUG_INFORMATION_FORMAT = dwarf;
				ENABLE_STRICT_OBJC_MSGSEND = YES;
				ENABLE_TESTABILITY = YES;
				GCC_C_LANGUAGE_STANDARD = gnu11;
				GCC_DYNAMIC_NO_PIC = NO;
				GCC_NO_COMMON_BLOCKS = YES;
				GCC_OPTIMIZATION_LEVEL = 0;
				GCC_PREPROCESSOR_DEFINITIONS = (
					"DEBUG=1",
					"$(inherited)",
				);
				GCC_WARN_64_TO_32_BIT_CONVERSION = YES;
				GCC_WARN_ABOUT_RETURN_TYPE = YES_ERROR;
				GCC_WARN_UNDECLARED_SELECTOR = YES;
				GCC_WARN_UNINITIALIZED_AUTOS = YES_AGGRESSIVE;
				GCC_WARN_UNUSED_FUNCTION = YES;
				GCC_WARN_UNUSED_VARIABLE = YES;
				IPHONEOS_DEPLOYMENT_TARGET = 14.5;
				MTL_ENABLE_DEBUG_INFO = INCLUDE_SOURCE;
				MTL_FAST_MATH = YES;
				ONLY_ACTIVE_ARCH = YES;
				SDKROOT = iphoneos;
				SWIFT_ACTIVE_COMPILATION_CONDITIONS = DEBUG;
				SWIFT_OPTIMIZATION_LEVEL = "-Onone";
			};
			name = Debug;
		};
		771FD9CF26DA5A2900FB4481 /* Release */ = {
			isa = XCBuildConfiguration;
			buildSettings = {
				ALWAYS_SEARCH_USER_PATHS = NO;
				CLANG_ANALYZER_NONNULL = YES;
				CLANG_ANALYZER_NUMBER_OBJECT_CONVERSION = YES_AGGRESSIVE;
				CLANG_CXX_LANGUAGE_STANDARD = "gnu++14";
				CLANG_CXX_LIBRARY = "libc++";
				CLANG_ENABLE_MODULES = YES;
				CLANG_ENABLE_OBJC_ARC = YES;
				CLANG_ENABLE_OBJC_WEAK = YES;
				CLANG_WARN_BLOCK_CAPTURE_AUTORELEASING = YES;
				CLANG_WARN_BOOL_CONVERSION = YES;
				CLANG_WARN_COMMA = YES;
				CLANG_WARN_CONSTANT_CONVERSION = YES;
				CLANG_WARN_DEPRECATED_OBJC_IMPLEMENTATIONS = YES;
				CLANG_WARN_DIRECT_OBJC_ISA_USAGE = YES_ERROR;
				CLANG_WARN_DOCUMENTATION_COMMENTS = YES;
				CLANG_WARN_EMPTY_BODY = YES;
				CLANG_WARN_ENUM_CONVERSION = YES;
				CLANG_WARN_INFINITE_RECURSION = YES;
				CLANG_WARN_INT_CONVERSION = YES;
				CLANG_WARN_NON_LITERAL_NULL_CONVERSION = YES;
				CLANG_WARN_OBJC_IMPLICIT_RETAIN_SELF = YES;
				CLANG_WARN_OBJC_LITERAL_CONVERSION = YES;
				CLANG_WARN_OBJC_ROOT_CLASS = YES_ERROR;
				CLANG_WARN_QUOTED_INCLUDE_IN_FRAMEWORK_HEADER = YES;
				CLANG_WARN_RANGE_LOOP_ANALYSIS = YES;
				CLANG_WARN_STRICT_PROTOTYPES = YES;
				CLANG_WARN_SUSPICIOUS_MOVE = YES;
				CLANG_WARN_UNGUARDED_AVAILABILITY = YES_AGGRESSIVE;
				CLANG_WARN_UNREACHABLE_CODE = YES;
				CLANG_WARN__DUPLICATE_METHOD_MATCH = YES;
				COPY_PHASE_STRIP = NO;
				DEBUG_INFORMATION_FORMAT = "dwarf-with-dsym";
				ENABLE_NS_ASSERTIONS = NO;
				ENABLE_STRICT_OBJC_MSGSEND = YES;
				GCC_C_LANGUAGE_STANDARD = gnu11;
				GCC_NO_COMMON_BLOCKS = YES;
				GCC_WARN_64_TO_32_BIT_CONVERSION = YES;
				GCC_WARN_ABOUT_RETURN_TYPE = YES_ERROR;
				GCC_WARN_UNDECLARED_SELECTOR = YES;
				GCC_WARN_UNINITIALIZED_AUTOS = YES_AGGRESSIVE;
				GCC_WARN_UNUSED_FUNCTION = YES;
				GCC_WARN_UNUSED_VARIABLE = YES;
				IPHONEOS_DEPLOYMENT_TARGET = 14.5;
				MTL_ENABLE_DEBUG_INFO = NO;
				MTL_FAST_MATH = YES;
				SDKROOT = iphoneos;
				SWIFT_COMPILATION_MODE = wholemodule;
				SWIFT_OPTIMIZATION_LEVEL = "-O";
				VALIDATE_PRODUCT = YES;
			};
			name = Release;
		};
		771FD9D126DA5A2900FB4481 /* Debug */ = {
			isa = XCBuildConfiguration;
			buildSettings = {
				ASSETCATALOG_COMPILER_APPICON_NAME = AppIcon;
				ASSETCATALOG_COMPILER_GLOBAL_ACCENT_COLOR_NAME = AccentColor;
				CODE_SIGN_STYLE = Automatic;
				DEVELOPMENT_ASSET_PATHS = "\"locations/Preview Content\"";
				DEVELOPMENT_TEAM = 2GY7TL5G8Y;
				ENABLE_PREVIEWS = YES;
				INFOPLIST_FILE = locations/Info.plist;
				IPHONEOS_DEPLOYMENT_TARGET = 14.0;
				LD_RUNPATH_SEARCH_PATHS = (
					"$(inherited)",
					"@executable_path/Frameworks",
				);
				PRODUCT_BUNDLE_IDENTIFIER = com.sabius.locations;
				PRODUCT_NAME = "$(TARGET_NAME)";
				SWIFT_VERSION = 5.0;
				TARGETED_DEVICE_FAMILY = "1,2";
			};
			name = Debug;
		};
		771FD9D226DA5A2900FB4481 /* Release */ = {
			isa = XCBuildConfiguration;
			buildSettings = {
				ASSETCATALOG_COMPILER_APPICON_NAME = AppIcon;
				ASSETCATALOG_COMPILER_GLOBAL_ACCENT_COLOR_NAME = AccentColor;
				CODE_SIGN_STYLE = Automatic;
				DEVELOPMENT_ASSET_PATHS = "\"locations/Preview Content\"";
				DEVELOPMENT_TEAM = 2GY7TL5G8Y;
				ENABLE_PREVIEWS = YES;
				INFOPLIST_FILE = locations/Info.plist;
				IPHONEOS_DEPLOYMENT_TARGET = 14.0;
				LD_RUNPATH_SEARCH_PATHS = (
					"$(inherited)",
					"@executable_path/Frameworks",
				);
				PRODUCT_BUNDLE_IDENTIFIER = com.sabius.locations;
				PRODUCT_NAME = "$(TARGET_NAME)";
				SWIFT_VERSION = 5.0;
				TARGETED_DEVICE_FAMILY = "1,2";
			};
			name = Release;
		};
/* End XCBuildConfiguration section */

/* Begin XCConfigurationList section */
		771FD9BC26DA5A2500FB4481 /* Build configuration list for PBXProject "locations" */ = {
			isa = XCConfigurationList;
			buildConfigurations = (
				771FD9CE26DA5A2900FB4481 /* Debug */,
				771FD9CF26DA5A2900FB4481 /* Release */,
			);
			defaultConfigurationIsVisible = 0;
			defaultConfigurationName = Release;
		};
		771FD9D026DA5A2900FB4481 /* Build configuration list for PBXNativeTarget "locations" */ = {
			isa = XCConfigurationList;
			buildConfigurations = (
				771FD9D126DA5A2900FB4481 /* Debug */,
				771FD9D226DA5A2900FB4481 /* Release */,
			);
			defaultConfigurationIsVisible = 0;
			defaultConfigurationName = Release;
		};
/* End XCConfigurationList section */
	};
	rootObject = 771FD9B926DA5A2500FB4481 /* Project object */;
}
